// !$*UTF8*$!
{
	archiveVersion = 1;
	classes = {
	};
	objectVersion = 50;
	objects = {

/* Begin PBXBuildFile section */
		2D69F495269ED873004433B4 /* SF-Pro-Rounded-Regular.otf in Resources */ = {isa = PBXBuildFile; fileRef = 2D69F491269ED872004433B4 /* SF-Pro-Rounded-Regular.otf */; };
		2D69F496269ED873004433B4 /* SF-Pro-Rounded-Semibold.otf in Resources */ = {isa = PBXBuildFile; fileRef = 2D69F492269ED872004433B4 /* SF-Pro-Rounded-Semibold.otf */; };
		2D69F497269ED873004433B4 /* SF-Pro-Rounded-Bold.otf in Resources */ = {isa = PBXBuildFile; fileRef = 2D69F493269ED872004433B4 /* SF-Pro-Rounded-Bold.otf */; };
		2D69F498269ED873004433B4 /* SF-Pro.ttf in Resources */ = {isa = PBXBuildFile; fileRef = 2D69F494269ED873004433B4 /* SF-Pro.ttf */; };
		8C045B6226A31F4500003F45 /* Extensions.swift in Sources */ = {isa = PBXBuildFile; fileRef = 8C045B6126A31F4500003F45 /* Extensions.swift */; };
		8C07070526A01A1900B83A34 /* inputName.swift in Sources */ = {isa = PBXBuildFile; fileRef = 8C07070426A01A1900B83A34 /* inputName.swift */; };
		8C0B6021269D72460027FDAA /* AppDelegate.swift in Sources */ = {isa = PBXBuildFile; fileRef = 8C0B6020269D72460027FDAA /* AppDelegate.swift */; };
		8C0B6023269D72460027FDAA /* ViewController.swift in Sources */ = {isa = PBXBuildFile; fileRef = 8C0B6022269D72460027FDAA /* ViewController.swift */; };
		8C0B6028269D72460027FDAA /* Main.storyboard in Resources */ = {isa = PBXBuildFile; fileRef = 8C0B6026269D72460027FDAA /* Main.storyboard */; };
		8C0B602A269D72470027FDAA /* Assets.xcassets in Resources */ = {isa = PBXBuildFile; fileRef = 8C0B6029269D72470027FDAA /* Assets.xcassets */; };
		8C0B602D269D72470027FDAA /* LaunchScreen.storyboard in Resources */ = {isa = PBXBuildFile; fileRef = 8C0B602B269D72470027FDAA /* LaunchScreen.storyboard */; };
		8C0B6035269D72BE0027FDAA /* Experience.rcproject in Sources */ = {isa = PBXBuildFile; fileRef = 8C0B6034269D72BE0027FDAA /* Experience.rcproject */; };
		8C179C0C26A4575100244FE3 /* AppleTest.mp3 in Resources */ = {isa = PBXBuildFile; fileRef = 8C179C0B26A4575100244FE3 /* AppleTest.mp3 */; };
		8C179C0E26A4701700244FE3 /* ZapfinoExtraLT-One.otf in Resources */ = {isa = PBXBuildFile; fileRef = 8C179C0D26A4701700244FE3 /* ZapfinoExtraLT-One.otf */; };
		8C401FA926A07D6200A07ED7 /* SelectChapter.swift in Sources */ = {isa = PBXBuildFile; fileRef = 8C401FA826A07D6200A07ED7 /* SelectChapter.swift */; };
		8C401FAB26A07F7E00A07ED7 /* ParentGuide.swift in Sources */ = {isa = PBXBuildFile; fileRef = 8C401FAA26A07F7E00A07ED7 /* ParentGuide.swift */; };
		8C401FAD26A0847700A07ED7 /* ChapterStartConfirmation.swift in Sources */ = {isa = PBXBuildFile; fileRef = 8C401FAC26A0847700A07ED7 /* ChapterStartConfirmation.swift */; };
		8C401FAF26A0866600A07ED7 /* ChapterIntro.swift in Sources */ = {isa = PBXBuildFile; fileRef = 8C401FAE26A0866600A07ED7 /* ChapterIntro.swift */; };
		8C401FB126A0884E00A07ED7 /* GamePaused.swift in Sources */ = {isa = PBXBuildFile; fileRef = 8C401FB026A0884E00A07ED7 /* GamePaused.swift */; };
		8C401FB326A08ABC00A07ED7 /* AlphabetRecognition.swift in Sources */ = {isa = PBXBuildFile; fileRef = 8C401FB226A08ABC00A07ED7 /* AlphabetRecognition.swift */; };
		8C401FB526A1647D00A07ED7 /* AlphabetSuccess.swift in Sources */ = {isa = PBXBuildFile; fileRef = 8C401FB426A1647D00A07ED7 /* AlphabetSuccess.swift */; };
		8C401FB726A164F500A07ED7 /* WordHint.swift in Sources */ = {isa = PBXBuildFile; fileRef = 8C401FB626A164F500A07ED7 /* WordHint.swift */; };
		8C401FB926A1656500A07ED7 /* ARWordMission.swift in Sources */ = {isa = PBXBuildFile; fileRef = 8C401FB826A1656500A07ED7 /* ARWordMission.swift */; };
		8C401FBB26A165C300A07ED7 /* WordSuccess.swift in Sources */ = {isa = PBXBuildFile; fileRef = 8C401FBA26A165C300A07ED7 /* WordSuccess.swift */; };
		8C401FBD26A1661F00A07ED7 /* WordRecognition.swift in Sources */ = {isa = PBXBuildFile; fileRef = 8C401FBC26A1661F00A07ED7 /* WordRecognition.swift */; };
		8C401FBF26A1669D00A07ED7 /* ARSuccess.swift in Sources */ = {isa = PBXBuildFile; fileRef = 8C401FBE26A1669D00A07ED7 /* ARSuccess.swift */; };
		8C401FC126A167AE00A07ED7 /* AlphabetFinish.swift in Sources */ = {isa = PBXBuildFile; fileRef = 8C401FC026A167AE00A07ED7 /* AlphabetFinish.swift */; };
		8C401FC326A1720400A07ED7 /* LaunchScreen.swift in Sources */ = {isa = PBXBuildFile; fileRef = 8C401FC226A1720400A07ED7 /* LaunchScreen.swift */; };
		8C8EA08B26A40358007DC059 /* ATest.mp3 in Resources */ = {isa = PBXBuildFile; fileRef = 8C8EA08A26A40358007DC059 /* ATest.mp3 */; };
		8C8FB77426A0474A00525903 /* OnBoardingLoading.swift in Sources */ = {isa = PBXBuildFile; fileRef = 8C8FB77326A0474A00525903 /* OnBoardingLoading.swift */; };
		8C9431D7269F1F77006369F9 /* OnBoarding.storyboard in Resources */ = {isa = PBXBuildFile; fileRef = 8C9431D6269F1F77006369F9 /* OnBoarding.storyboard */; };
		8C9431DC269F2EE3006369F9 /* OnBoarding.swift in Sources */ = {isa = PBXBuildFile; fileRef = 8C9431DB269F2EE3006369F9 /* OnBoarding.swift */; };
		8C9431DE269F3281006369F9 /* MainScreen.swift in Sources */ = {isa = PBXBuildFile; fileRef = 8C9431DD269F3281006369F9 /* MainScreen.swift */; };
/* End PBXBuildFile section */

/* Begin PBXFileReference section */
		2D69F491269ED872004433B4 /* SF-Pro-Rounded-Regular.otf */ = {isa = PBXFileReference; lastKnownFileType = file; path = "SF-Pro-Rounded-Regular.otf"; sourceTree = "<group>"; };
		2D69F492269ED872004433B4 /* SF-Pro-Rounded-Semibold.otf */ = {isa = PBXFileReference; lastKnownFileType = file; path = "SF-Pro-Rounded-Semibold.otf"; sourceTree = "<group>"; };
		2D69F493269ED872004433B4 /* SF-Pro-Rounded-Bold.otf */ = {isa = PBXFileReference; lastKnownFileType = file; path = "SF-Pro-Rounded-Bold.otf"; sourceTree = "<group>"; };
		2D69F494269ED873004433B4 /* SF-Pro.ttf */ = {isa = PBXFileReference; lastKnownFileType = file; path = "SF-Pro.ttf"; sourceTree = "<group>"; };
		8C045B6126A31F4500003F45 /* Extensions.swift */ = {isa = PBXFileReference; lastKnownFileType = sourcecode.swift; path = Extensions.swift; sourceTree = "<group>"; };
		8C07070426A01A1900B83A34 /* inputName.swift */ = {isa = PBXFileReference; lastKnownFileType = sourcecode.swift; path = inputName.swift; sourceTree = "<group>"; };
		8C0B601D269D72460027FDAA /* AR2ndTest.app */ = {isa = PBXFileReference; explicitFileType = wrapper.application; includeInIndex = 0; path = AR2ndTest.app; sourceTree = BUILT_PRODUCTS_DIR; };
		8C0B6020269D72460027FDAA /* AppDelegate.swift */ = {isa = PBXFileReference; lastKnownFileType = sourcecode.swift; path = AppDelegate.swift; sourceTree = "<group>"; };
		8C0B6022269D72460027FDAA /* ViewController.swift */ = {isa = PBXFileReference; lastKnownFileType = sourcecode.swift; path = ViewController.swift; sourceTree = "<group>"; };
		8C0B6027269D72460027FDAA /* Base */ = {isa = PBXFileReference; lastKnownFileType = file.storyboard; name = Base; path = Base.lproj/Main.storyboard; sourceTree = "<group>"; };
		8C0B6029269D72470027FDAA /* Assets.xcassets */ = {isa = PBXFileReference; lastKnownFileType = folder.assetcatalog; path = Assets.xcassets; sourceTree = "<group>"; };
		8C0B602C269D72470027FDAA /* Base */ = {isa = PBXFileReference; lastKnownFileType = file.storyboard; name = Base; path = Base.lproj/LaunchScreen.storyboard; sourceTree = "<group>"; };
		8C0B602E269D72470027FDAA /* Info.plist */ = {isa = PBXFileReference; lastKnownFileType = text.plist.xml; path = Info.plist; sourceTree = "<group>"; };
		8C0B6034269D72BE0027FDAA /* Experience.rcproject */ = {isa = PBXFileReference; lastKnownFileType = file.rcproject; path = Experience.rcproject; sourceTree = "<group>"; };
		8C179C0B26A4575100244FE3 /* AppleTest.mp3 */ = {isa = PBXFileReference; lastKnownFileType = audio.mp3; path = AppleTest.mp3; sourceTree = "<group>"; };
		8C179C0D26A4701700244FE3 /* ZapfinoExtraLT-One.otf */ = {isa = PBXFileReference; lastKnownFileType = file; path = "ZapfinoExtraLT-One.otf"; sourceTree = "<group>"; };
		8C401FA826A07D6200A07ED7 /* SelectChapter.swift */ = {isa = PBXFileReference; lastKnownFileType = sourcecode.swift; path = SelectChapter.swift; sourceTree = "<group>"; };
		8C401FAA26A07F7E00A07ED7 /* ParentGuide.swift */ = {isa = PBXFileReference; lastKnownFileType = sourcecode.swift; path = ParentGuide.swift; sourceTree = "<group>"; };
		8C401FAC26A0847700A07ED7 /* ChapterStartConfirmation.swift */ = {isa = PBXFileReference; lastKnownFileType = sourcecode.swift; path = ChapterStartConfirmation.swift; sourceTree = "<group>"; };
		8C401FAE26A0866600A07ED7 /* ChapterIntro.swift */ = {isa = PBXFileReference; lastKnownFileType = sourcecode.swift; path = ChapterIntro.swift; sourceTree = "<group>"; };
		8C401FB026A0884E00A07ED7 /* GamePaused.swift */ = {isa = PBXFileReference; lastKnownFileType = sourcecode.swift; path = GamePaused.swift; sourceTree = "<group>"; };
		8C401FB226A08ABC00A07ED7 /* AlphabetRecognition.swift */ = {isa = PBXFileReference; lastKnownFileType = sourcecode.swift; path = AlphabetRecognition.swift; sourceTree = "<group>"; };
		8C401FB426A1647D00A07ED7 /* AlphabetSuccess.swift */ = {isa = PBXFileReference; lastKnownFileType = sourcecode.swift; path = AlphabetSuccess.swift; sourceTree = "<group>"; };
		8C401FB626A164F500A07ED7 /* WordHint.swift */ = {isa = PBXFileReference; lastKnownFileType = sourcecode.swift; path = WordHint.swift; sourceTree = "<group>"; };
		8C401FB826A1656500A07ED7 /* ARWordMission.swift */ = {isa = PBXFileReference; lastKnownFileType = sourcecode.swift; path = ARWordMission.swift; sourceTree = "<group>"; };
		8C401FBA26A165C300A07ED7 /* WordSuccess.swift */ = {isa = PBXFileReference; lastKnownFileType = sourcecode.swift; path = WordSuccess.swift; sourceTree = "<group>"; };
		8C401FBC26A1661F00A07ED7 /* WordRecognition.swift */ = {isa = PBXFileReference; lastKnownFileType = sourcecode.swift; path = WordRecognition.swift; sourceTree = "<group>"; };
		8C401FBE26A1669D00A07ED7 /* ARSuccess.swift */ = {isa = PBXFileReference; lastKnownFileType = sourcecode.swift; path = ARSuccess.swift; sourceTree = "<group>"; };
		8C401FC026A167AE00A07ED7 /* AlphabetFinish.swift */ = {isa = PBXFileReference; lastKnownFileType = sourcecode.swift; path = AlphabetFinish.swift; sourceTree = "<group>"; };
		8C401FC226A1720400A07ED7 /* LaunchScreen.swift */ = {isa = PBXFileReference; lastKnownFileType = sourcecode.swift; path = LaunchScreen.swift; sourceTree = "<group>"; };
		8C8EA08A26A40358007DC059 /* ATest.mp3 */ = {isa = PBXFileReference; lastKnownFileType = audio.mp3; path = ATest.mp3; sourceTree = "<group>"; };
		8C8FB77326A0474A00525903 /* OnBoardingLoading.swift */ = {isa = PBXFileReference; lastKnownFileType = sourcecode.swift; path = OnBoardingLoading.swift; sourceTree = "<group>"; };
		8C9431D6269F1F77006369F9 /* OnBoarding.storyboard */ = {isa = PBXFileReference; lastKnownFileType = file.storyboard; path = OnBoarding.storyboard; sourceTree = "<group>"; };
		8C9431DB269F2EE3006369F9 /* OnBoarding.swift */ = {isa = PBXFileReference; lastKnownFileType = sourcecode.swift; path = OnBoarding.swift; sourceTree = "<group>"; };
		8C9431DD269F3281006369F9 /* MainScreen.swift */ = {isa = PBXFileReference; lastKnownFileType = sourcecode.swift; path = MainScreen.swift; sourceTree = "<group>"; };
/* End PBXFileReference section */

/* Begin PBXFrameworksBuildPhase section */
		8C0B601A269D72460027FDAA /* Frameworks */ = {
			isa = PBXFrameworksBuildPhase;
			buildActionMask = 2147483647;
			files = (
			);
			runOnlyForDeploymentPostprocessing = 0;
		};
/* End PBXFrameworksBuildPhase section */

/* Begin PBXGroup section */
		2D69F490269ED83A004433B4 /* Fonts */ = {
			isa = PBXGroup;
			children = (
				2D69F493269ED872004433B4 /* SF-Pro-Rounded-Bold.otf */,
				8C179C0D26A4701700244FE3 /* ZapfinoExtraLT-One.otf */,
				2D69F491269ED872004433B4 /* SF-Pro-Rounded-Regular.otf */,
				2D69F492269ED872004433B4 /* SF-Pro-Rounded-Semibold.otf */,
				2D69F494269ED873004433B4 /* SF-Pro.ttf */,
			);
			path = Fonts;
			sourceTree = "<group>";
		};
		8C045B6026A31F2700003F45 /* Extensions */ = {
			isa = PBXGroup;
			children = (
				8C045B6126A31F4500003F45 /* Extensions.swift */,
			);
			path = Extensions;
			sourceTree = "<group>";
		};
		8C0B6014269D72460027FDAA = {
			isa = PBXGroup;
			children = (
				8C0B601F269D72460027FDAA /* AR2ndTest */,
				8C0B601E269D72460027FDAA /* Products */,
			);
			sourceTree = "<group>";
		};
		8C0B601E269D72460027FDAA /* Products */ = {
			isa = PBXGroup;
			children = (
				8C0B601D269D72460027FDAA /* AR2ndTest.app */,
			);
			name = Products;
			sourceTree = "<group>";
		};
		8C0B601F269D72460027FDAA /* AR2ndTest */ = {
			isa = PBXGroup;
			children = (
				8C8EA08C26A40381007DC059 /* AudioFiles */,
				8C045B6026A31F2700003F45 /* Extensions */,
				8C9431DA269F26B7006369F9 /* RCProjects */,
				8C9431D9269F2674006369F9 /* Controllers */,
				8C9431D8269F22EE006369F9 /* Storyboards */,
				2D69F490269ED83A004433B4 /* Fonts */,
				8C0B6029269D72470027FDAA /* Assets.xcassets */,
				8C0B6020269D72460027FDAA /* AppDelegate.swift */,
				8C0B602E269D72470027FDAA /* Info.plist */,
			);
			path = AR2ndTest;
			sourceTree = "<group>";
		};
		8C8EA08C26A40381007DC059 /* AudioFiles */ = {
			isa = PBXGroup;
			children = (
				8C179C0B26A4575100244FE3 /* AppleTest.mp3 */,
				8C8EA08A26A40358007DC059 /* ATest.mp3 */,
			);
			path = AudioFiles;
			sourceTree = "<group>";
		};
		8C9431D8269F22EE006369F9 /* Storyboards */ = {
			isa = PBXGroup;
			children = (
				8C0B602B269D72470027FDAA /* LaunchScreen.storyboard */,
				8C9431D6269F1F77006369F9 /* OnBoarding.storyboard */,
				8C0B6026269D72460027FDAA /* Main.storyboard */,
				8C07070426A01A1900B83A34 /* inputName.swift */,
			);
			path = Storyboards;
			sourceTree = "<group>";
		};
		8C9431D9269F2674006369F9 /* Controllers */ = {
			isa = PBXGroup;
			children = (
				8C0B6022269D72460027FDAA /* ViewController.swift */,
				8C401FB226A08ABC00A07ED7 /* AlphabetRecognition.swift */,
				8C401FA826A07D6200A07ED7 /* SelectChapter.swift */,
				8C9431DB269F2EE3006369F9 /* OnBoarding.swift */,
				8C9431DD269F3281006369F9 /* MainScreen.swift */,
				8C8FB77326A0474A00525903 /* OnBoardingLoading.swift */,
				8C401FAA26A07F7E00A07ED7 /* ParentGuide.swift */,
				8C401FAC26A0847700A07ED7 /* ChapterStartConfirmation.swift */,
				8C401FAE26A0866600A07ED7 /* ChapterIntro.swift */,
				8C401FB026A0884E00A07ED7 /* GamePaused.swift */,
				8C401FB426A1647D00A07ED7 /* AlphabetSuccess.swift */,
				8C401FB626A164F500A07ED7 /* WordHint.swift */,
				8C401FB826A1656500A07ED7 /* ARWordMission.swift */,
				8C401FBA26A165C300A07ED7 /* WordSuccess.swift */,
				8C401FBC26A1661F00A07ED7 /* WordRecognition.swift */,
				8C401FBE26A1669D00A07ED7 /* ARSuccess.swift */,
				8C401FC026A167AE00A07ED7 /* AlphabetFinish.swift */,
				8C401FC226A1720400A07ED7 /* LaunchScreen.swift */,
			);
			path = Controllers;
			sourceTree = "<group>";
		};
		8C9431DA269F26B7006369F9 /* RCProjects */ = {
			isa = PBXGroup;
			children = (
				8C0B6034269D72BE0027FDAA /* Experience.rcproject */,
			);
			path = RCProjects;
			sourceTree = "<group>";
		};
/* End PBXGroup section */

/* Begin PBXNativeTarget section */
		8C0B601C269D72460027FDAA /* AR2ndTest */ = {
			isa = PBXNativeTarget;
			buildConfigurationList = 8C0B6031269D72470027FDAA /* Build configuration list for PBXNativeTarget "AR2ndTest" */;
			buildPhases = (
				8C0B6019269D72460027FDAA /* Sources */,
				8C0B601A269D72460027FDAA /* Frameworks */,
				8C0B601B269D72460027FDAA /* Resources */,
			);
			buildRules = (
			);
			dependencies = (
			);
			name = AR2ndTest;
			productName = AR2ndTest;
			productReference = 8C0B601D269D72460027FDAA /* AR2ndTest.app */;
			productType = "com.apple.product-type.application";
		};
/* End PBXNativeTarget section */

/* Begin PBXProject section */
		8C0B6015269D72460027FDAA /* Project object */ = {
			isa = PBXProject;
			attributes = {
				LastSwiftUpdateCheck = 1250;
				LastUpgradeCheck = 1250;
				TargetAttributes = {
					8C0B601C269D72460027FDAA = {
						CreatedOnToolsVersion = 12.5.1;
					};
				};
			};
			buildConfigurationList = 8C0B6018269D72460027FDAA /* Build configuration list for PBXProject "AR2ndTest" */;
			compatibilityVersion = "Xcode 9.3";
			developmentRegion = en;
			hasScannedForEncodings = 0;
			knownRegions = (
				en,
				Base,
			);
			mainGroup = 8C0B6014269D72460027FDAA;
			productRefGroup = 8C0B601E269D72460027FDAA /* Products */;
			projectDirPath = "";
			projectRoot = "";
			targets = (
				8C0B601C269D72460027FDAA /* AR2ndTest */,
			);
		};
/* End PBXProject section */

/* Begin PBXResourcesBuildPhase section */
		8C0B601B269D72460027FDAA /* Resources */ = {
			isa = PBXResourcesBuildPhase;
			buildActionMask = 2147483647;
			files = (
				8C179C0E26A4701700244FE3 /* ZapfinoExtraLT-One.otf in Resources */,
				8C8EA08B26A40358007DC059 /* ATest.mp3 in Resources */,
				8C0B602D269D72470027FDAA /* LaunchScreen.storyboard in Resources */,
				2D69F495269ED873004433B4 /* SF-Pro-Rounded-Regular.otf in Resources */,
				8C0B602A269D72470027FDAA /* Assets.xcassets in Resources */,
				2D69F498269ED873004433B4 /* SF-Pro.ttf in Resources */,
				2D69F497269ED873004433B4 /* SF-Pro-Rounded-Bold.otf in Resources */,
				8C0B6028269D72460027FDAA /* Main.storyboard in Resources */,
				8C179C0C26A4575100244FE3 /* AppleTest.mp3 in Resources */,
				2D69F496269ED873004433B4 /* SF-Pro-Rounded-Semibold.otf in Resources */,
				8C9431D7269F1F77006369F9 /* OnBoarding.storyboard in Resources */,
			);
			runOnlyForDeploymentPostprocessing = 0;
		};
/* End PBXResourcesBuildPhase section */

/* Begin PBXSourcesBuildPhase section */
		8C0B6019269D72460027FDAA /* Sources */ = {
			isa = PBXSourcesBuildPhase;
			buildActionMask = 2147483647;
			files = (
				8C0B6023269D72460027FDAA /* ViewController.swift in Sources */,
				8C401FBF26A1669D00A07ED7 /* ARSuccess.swift in Sources */,
				8C401FAF26A0866600A07ED7 /* ChapterIntro.swift in Sources */,
				8C0B6021269D72460027FDAA /* AppDelegate.swift in Sources */,
				8C9431DE269F3281006369F9 /* MainScreen.swift in Sources */,
				8C8FB77426A0474A00525903 /* OnBoardingLoading.swift in Sources */,
				8C401FB726A164F500A07ED7 /* WordHint.swift in Sources */,
				8C401FAB26A07F7E00A07ED7 /* ParentGuide.swift in Sources */,
				8C07070526A01A1900B83A34 /* inputName.swift in Sources */,
				8C045B6226A31F4500003F45 /* Extensions.swift in Sources */,
				8C401FA926A07D6200A07ED7 /* SelectChapter.swift in Sources */,
				8C401FB526A1647D00A07ED7 /* AlphabetSuccess.swift in Sources */,
				8C9431DC269F2EE3006369F9 /* OnBoarding.swift in Sources */,
				8C0B6035269D72BE0027FDAA /* Experience.rcproject in Sources */,
				8C401FB326A08ABC00A07ED7 /* AlphabetRecognition.swift in Sources */,
				8C401FC326A1720400A07ED7 /* LaunchScreen.swift in Sources */,
				8C401FAD26A0847700A07ED7 /* ChapterStartConfirmation.swift in Sources */,
				8C401FB126A0884E00A07ED7 /* GamePaused.swift in Sources */,
				8C401FBD26A1661F00A07ED7 /* WordRecognition.swift in Sources */,
				8C401FC126A167AE00A07ED7 /* AlphabetFinish.swift in Sources */,
				8C401FBB26A165C300A07ED7 /* WordSuccess.swift in Sources */,
				8C401FB926A1656500A07ED7 /* ARWordMission.swift in Sources */,
			);
			runOnlyForDeploymentPostprocessing = 0;
		};
/* End PBXSourcesBuildPhase section */

/* Begin PBXVariantGroup section */
		8C0B6026269D72460027FDAA /* Main.storyboard */ = {
			isa = PBXVariantGroup;
			children = (
				8C0B6027269D72460027FDAA /* Base */,
			);
			name = Main.storyboard;
			sourceTree = "<group>";
		};
		8C0B602B269D72470027FDAA /* LaunchScreen.storyboard */ = {
			isa = PBXVariantGroup;
			children = (
				8C0B602C269D72470027FDAA /* Base */,
			);
			name = LaunchScreen.storyboard;
			sourceTree = "<group>";
		};
/* End PBXVariantGroup section */

/* Begin XCBuildConfiguration section */
		8C0B602F269D72470027FDAA /* Debug */ = {
			isa = XCBuildConfiguration;
			buildSettings = {
				ALWAYS_SEARCH_USER_PATHS = NO;
				CLANG_ANALYZER_NONNULL = YES;
				CLANG_ANALYZER_NUMBER_OBJECT_CONVERSION = YES_AGGRESSIVE;
				CLANG_CXX_LANGUAGE_STANDARD = "gnu++14";
				CLANG_CXX_LIBRARY = "libc++";
				CLANG_ENABLE_MODULES = YES;
				CLANG_ENABLE_OBJC_ARC = YES;
				CLANG_ENABLE_OBJC_WEAK = YES;
				CLANG_WARN_BLOCK_CAPTURE_AUTORELEASING = YES;
				CLANG_WARN_BOOL_CONVERSION = YES;
				CLANG_WARN_COMMA = YES;
				CLANG_WARN_CONSTANT_CONVERSION = YES;
				CLANG_WARN_DEPRECATED_OBJC_IMPLEMENTATIONS = YES;
				CLANG_WARN_DIRECT_OBJC_ISA_USAGE = YES_ERROR;
				CLANG_WARN_DOCUMENTATION_COMMENTS = YES;
				CLANG_WARN_EMPTY_BODY = YES;
				CLANG_WARN_ENUM_CONVERSION = YES;
				CLANG_WARN_INFINITE_RECURSION = YES;
				CLANG_WARN_INT_CONVERSION = YES;
				CLANG_WARN_NON_LITERAL_NULL_CONVERSION = YES;
				CLANG_WARN_OBJC_IMPLICIT_RETAIN_SELF = YES;
				CLANG_WARN_OBJC_LITERAL_CONVERSION = YES;
				CLANG_WARN_OBJC_ROOT_CLASS = YES_ERROR;
				CLANG_WARN_QUOTED_INCLUDE_IN_FRAMEWORK_HEADER = YES;
				CLANG_WARN_RANGE_LOOP_ANALYSIS = YES;
				CLANG_WARN_STRICT_PROTOTYPES = YES;
				CLANG_WARN_SUSPICIOUS_MOVE = YES;
				CLANG_WARN_UNGUARDED_AVAILABILITY = YES_AGGRESSIVE;
				CLANG_WARN_UNREACHABLE_CODE = YES;
				CLANG_WARN__DUPLICATE_METHOD_MATCH = YES;
				COPY_PHASE_STRIP = NO;
				DEBUG_INFORMATION_FORMAT = dwarf;
				ENABLE_STRICT_OBJC_MSGSEND = YES;
				ENABLE_TESTABILITY = YES;
				GCC_C_LANGUAGE_STANDARD = gnu11;
				GCC_DYNAMIC_NO_PIC = NO;
				GCC_NO_COMMON_BLOCKS = YES;
				GCC_OPTIMIZATION_LEVEL = 0;
				GCC_PREPROCESSOR_DEFINITIONS = (
					"DEBUG=1",
					"$(inherited)",
				);
				GCC_WARN_64_TO_32_BIT_CONVERSION = YES;
				GCC_WARN_ABOUT_RETURN_TYPE = YES_ERROR;
				GCC_WARN_UNDECLARED_SELECTOR = YES;
				GCC_WARN_UNINITIALIZED_AUTOS = YES_AGGRESSIVE;
				GCC_WARN_UNUSED_FUNCTION = YES;
				GCC_WARN_UNUSED_VARIABLE = YES;
				IPHONEOS_DEPLOYMENT_TARGET = 14.5;
				MTL_ENABLE_DEBUG_INFO = INCLUDE_SOURCE;
				MTL_FAST_MATH = YES;
				ONLY_ACTIVE_ARCH = YES;
				SDKROOT = iphoneos;
				SWIFT_ACTIVE_COMPILATION_CONDITIONS = DEBUG;
				SWIFT_OPTIMIZATION_LEVEL = "-Onone";
			};
			name = Debug;
		};
		8C0B6030269D72470027FDAA /* Release */ = {
			isa = XCBuildConfiguration;
			buildSettings = {
				ALWAYS_SEARCH_USER_PATHS = NO;
				CLANG_ANALYZER_NONNULL = YES;
				CLANG_ANALYZER_NUMBER_OBJECT_CONVERSION = YES_AGGRESSIVE;
				CLANG_CXX_LANGUAGE_STANDARD = "gnu++14";
				CLANG_CXX_LIBRARY = "libc++";
				CLANG_ENABLE_MODULES = YES;
				CLANG_ENABLE_OBJC_ARC = YES;
				CLANG_ENABLE_OBJC_WEAK = YES;
				CLANG_WARN_BLOCK_CAPTURE_AUTORELEASING = YES;
				CLANG_WARN_BOOL_CONVERSION = YES;
				CLANG_WARN_COMMA = YES;
				CLANG_WARN_CONSTANT_CONVERSION = YES;
				CLANG_WARN_DEPRECATED_OBJC_IMPLEMENTATIONS = YES;
				CLANG_WARN_DIRECT_OBJC_ISA_USAGE = YES_ERROR;
				CLANG_WARN_DOCUMENTATION_COMMENTS = YES;
				CLANG_WARN_EMPTY_BODY = YES;
				CLANG_WARN_ENUM_CONVERSION = YES;
				CLANG_WARN_INFINITE_RECURSION = YES;
				CLANG_WARN_INT_CONVERSION = YES;
				CLANG_WARN_NON_LITERAL_NULL_CONVERSION = YES;
				CLANG_WARN_OBJC_IMPLICIT_RETAIN_SELF = YES;
				CLANG_WARN_OBJC_LITERAL_CONVERSION = YES;
				CLANG_WARN_OBJC_ROOT_CLASS = YES_ERROR;
				CLANG_WARN_QUOTED_INCLUDE_IN_FRAMEWORK_HEADER = YES;
				CLANG_WARN_RANGE_LOOP_ANALYSIS = YES;
				CLANG_WARN_STRICT_PROTOTYPES = YES;
				CLANG_WARN_SUSPICIOUS_MOVE = YES;
				CLANG_WARN_UNGUARDED_AVAILABILITY = YES_AGGRESSIVE;
				CLANG_WARN_UNREACHABLE_CODE = YES;
				CLANG_WARN__DUPLICATE_METHOD_MATCH = YES;
				COPY_PHASE_STRIP = NO;
				DEBUG_INFORMATION_FORMAT = "dwarf-with-dsym";
				ENABLE_NS_ASSERTIONS = NO;
				ENABLE_STRICT_OBJC_MSGSEND = YES;
				GCC_C_LANGUAGE_STANDARD = gnu11;
				GCC_NO_COMMON_BLOCKS = YES;
				GCC_WARN_64_TO_32_BIT_CONVERSION = YES;
				GCC_WARN_ABOUT_RETURN_TYPE = YES_ERROR;
				GCC_WARN_UNDECLARED_SELECTOR = YES;
				GCC_WARN_UNINITIALIZED_AUTOS = YES_AGGRESSIVE;
				GCC_WARN_UNUSED_FUNCTION = YES;
				GCC_WARN_UNUSED_VARIABLE = YES;
				IPHONEOS_DEPLOYMENT_TARGET = 14.5;
				MTL_ENABLE_DEBUG_INFO = NO;
				MTL_FAST_MATH = YES;
				SDKROOT = iphoneos;
				SWIFT_COMPILATION_MODE = wholemodule;
				SWIFT_OPTIMIZATION_LEVEL = "-O";
				VALIDATE_PRODUCT = YES;
			};
			name = Release;
		};
		8C0B6032269D72470027FDAA /* Debug */ = {
			isa = XCBuildConfiguration;
			buildSettings = {
				ASSETCATALOG_COMPILER_APPICON_NAME = AppIcon;
				ASSETCATALOG_COMPILER_GLOBAL_ACCENT_COLOR_NAME = AccentColor;
				CODE_SIGN_STYLE = Automatic;
				CURRENT_PROJECT_VERSION = 2;
				DEVELOPMENT_TEAM = VYG4M66448;
				INFOPLIST_FILE = AR2ndTest/Info.plist;
				LD_RUNPATH_SEARCH_PATHS = (
					"$(inherited)",
					"@executable_path/Frameworks",
				);
				MARKETING_VERSION = 0.0.1;
				PRODUCT_BUNDLE_IDENTIFIER = com.jellyfish.AR2ndTest;
				PRODUCT_NAME = "$(TARGET_NAME)";
				SWIFT_VERSION = 5.0;
				TARGETED_DEVICE_FAMILY = 2;
			};
			name = Debug;
		};
		8C0B6033269D72470027FDAA /* Release */ = {
			isa = XCBuildConfiguration;
			buildSettings = {
				ASSETCATALOG_COMPILER_APPICON_NAME = AppIcon;
				ASSETCATALOG_COMPILER_GLOBAL_ACCENT_COLOR_NAME = AccentColor;
				CODE_SIGN_STYLE = Automatic;
				CURRENT_PROJECT_VERSION = 2;
				DEVELOPMENT_TEAM = VYG4M66448;
				INFOPLIST_FILE = AR2ndTest/Info.plist;
				LD_RUNPATH_SEARCH_PATHS = (
					"$(inherited)",
					"@executable_path/Frameworks",
				);
				MARKETING_VERSION = 0.0.1;
				PRODUCT_BUNDLE_IDENTIFIER = com.jellyfish.AR2ndTest;
				PRODUCT_NAME = "$(TARGET_NAME)";
				SWIFT_VERSION = 5.0;
				TARGETED_DEVICE_FAMILY = 2;
			};
			name = Release;
		};
/* End XCBuildConfiguration section */

/* Begin XCConfigurationList section */
		8C0B6018269D72460027FDAA /* Build configuration list for PBXProject "AR2ndTest" */ = {
			isa = XCConfigurationList;
			buildConfigurations = (
				8C0B602F269D72470027FDAA /* Debug */,
				8C0B6030269D72470027FDAA /* Release */,
			);
			defaultConfigurationIsVisible = 0;
			defaultConfigurationName = Release;
		};
		8C0B6031269D72470027FDAA /* Build configuration list for PBXNativeTarget "AR2ndTest" */ = {
			isa = XCConfigurationList;
			buildConfigurations = (
				8C0B6032269D72470027FDAA /* Debug */,
				8C0B6033269D72470027FDAA /* Release */,
			);
			defaultConfigurationIsVisible = 0;
			defaultConfigurationName = Release;
		};
/* End XCConfigurationList section */
	};
	rootObject = 8C0B6015269D72460027FDAA /* Project object */;
}
