// !$*UTF8*$!
{
	archiveVersion = 1;
	classes = {
	};
	objectVersion = 50;
	objects = {

/* Begin PBXBuildFile section */
		2D69F495269ED873004433B4 /* SF-Pro-Rounded-Regular.otf in Resources */ = {isa = PBXBuildFile; fileRef = 2D69F491269ED872004433B4 /* SF-Pro-Rounded-Regular.otf */; };
		2D69F496269ED873004433B4 /* SF-Pro-Rounded-Semibold.otf in Resources */ = {isa = PBXBuildFile; fileRef = 2D69F492269ED872004433B4 /* SF-Pro-Rounded-Semibold.otf */; };
		2D69F497269ED873004433B4 /* SF-Pro-Rounded-Bold.otf in Resources */ = {isa = PBXBuildFile; fileRef = 2D69F493269ED872004433B4 /* SF-Pro-Rounded-Bold.otf */; };
		2D69F498269ED873004433B4 /* SF-Pro.ttf in Resources */ = {isa = PBXBuildFile; fileRef = 2D69F494269ED873004433B4 /* SF-Pro.ttf */; };
		3620361A26A95D6B00066EFB /* s_butt_pressed.mp3 in Resources */ = {isa = PBXBuildFile; fileRef = 3620361726A95D6B00066EFB /* s_butt_pressed.mp3 */; };
		3620361C26A95D6B00066EFB /* s_butt_paused.mp3 in Resources */ = {isa = PBXBuildFile; fileRef = 3620361926A95D6B00066EFB /* s_butt_paused.mp3 */; };
		3638171026BC3B070023D743 /* s_congrat.mp3 in Resources */ = {isa = PBXBuildFile; fileRef = 3638170F26BC3B070023D743 /* s_congrat.mp3 */; };
		3638171226BC3C300023D743 /* Audio.swift in Sources */ = {isa = PBXBuildFile; fileRef = 3638171126BC3C300023D743 /* Audio.swift */; };
		3638171426BC4C390023D743 /* s_paused_theme.mp3 in Resources */ = {isa = PBXBuildFile; fileRef = 3638171326BC4C390023D743 /* s_paused_theme.mp3 */; };
		363E6C4226AFC20E00DC9D8F /* s_bgm.wav in Resources */ = {isa = PBXBuildFile; fileRef = 363E6C4126AFC20E00DC9D8F /* s_bgm.wav */; };
		363E6C4426AFC47100DC9D8F /* s_butt_GFP.mp3 in Resources */ = {isa = PBXBuildFile; fileRef = 363E6C4326AFC47100DC9D8F /* s_butt_GFP.mp3 */; };
		364DD18F26A973DE0091DF28 /* s_launch.mp3 in Resources */ = {isa = PBXBuildFile; fileRef = 364DD18E26A973DE0091DF28 /* s_launch.mp3 */; };
		364DD19326A973EE0091DF28 /* narr_C.mp3 in Resources */ = {isa = PBXBuildFile; fileRef = 364DD19026A973EE0091DF28 /* narr_C.mp3 */; };
		364DD19426A973EE0091DF28 /* narr_A.mp3 in Resources */ = {isa = PBXBuildFile; fileRef = 364DD19126A973EE0091DF28 /* narr_A.mp3 */; };
		364DD19526A973EE0091DF28 /* narr_B.mp3 in Resources */ = {isa = PBXBuildFile; fileRef = 364DD19226A973EE0091DF28 /* narr_B.mp3 */; };
		3677E0F626A9B8AF00B5FFAC /* s_congrat_B.mp3 in Resources */ = {isa = PBXBuildFile; fileRef = 3677E0F026A9B8AE00B5FFAC /* s_congrat_B.mp3 */; };
		3677E0F726A9B8AF00B5FFAC /* s_congrat_B_object.mp3 in Resources */ = {isa = PBXBuildFile; fileRef = 3677E0F126A9B8AE00B5FFAC /* s_congrat_B_object.mp3 */; };
		3677E0F826A9B8AF00B5FFAC /* s_congrat_A.mp3 in Resources */ = {isa = PBXBuildFile; fileRef = 3677E0F226A9B8AE00B5FFAC /* s_congrat_A.mp3 */; };
		3677E0F926A9B8AF00B5FFAC /* s_congrat_C.mp3 in Resources */ = {isa = PBXBuildFile; fileRef = 3677E0F326A9B8AE00B5FFAC /* s_congrat_C.mp3 */; };
		3677E0FA26A9B8AF00B5FFAC /* s_congrat_C_object.mp3 in Resources */ = {isa = PBXBuildFile; fileRef = 3677E0F426A9B8AF00B5FFAC /* s_congrat_C_object.mp3 */; };
		3677E0FB26A9B8AF00B5FFAC /* s_congrat_A_object.mp3 in Resources */ = {isa = PBXBuildFile; fileRef = 3677E0F526A9B8AF00B5FFAC /* s_congrat_A_object.mp3 */; };
		367AB2B226A7DAA700A6789E /* N.mp3 in Resources */ = {isa = PBXBuildFile; fileRef = 367AB29726A7DAA500A6789E /* N.mp3 */; };
		367AB2B326A7DAA700A6789E /* V.mp3 in Resources */ = {isa = PBXBuildFile; fileRef = 367AB29826A7DAA500A6789E /* V.mp3 */; };
		367AB2B426A7DAA700A6789E /* J.mp3 in Resources */ = {isa = PBXBuildFile; fileRef = 367AB29926A7DAA500A6789E /* J.mp3 */; };
		367AB2B526A7DAA700A6789E /* E.mp3 in Resources */ = {isa = PBXBuildFile; fileRef = 367AB29A26A7DAA500A6789E /* E.mp3 */; };
		367AB2B626A7DAA700A6789E /* Q.mp3 in Resources */ = {isa = PBXBuildFile; fileRef = 367AB29B26A7DAA500A6789E /* Q.mp3 */; };
		367AB2B726A7DAA700A6789E /* P.mp3 in Resources */ = {isa = PBXBuildFile; fileRef = 367AB29C26A7DAA500A6789E /* P.mp3 */; };
		367AB2B826A7DAA700A6789E /* F.mp3 in Resources */ = {isa = PBXBuildFile; fileRef = 367AB29D26A7DAA600A6789E /* F.mp3 */; };
		367AB2B926A7DAA700A6789E /* U.mp3 in Resources */ = {isa = PBXBuildFile; fileRef = 367AB29E26A7DAA600A6789E /* U.mp3 */; };
		367AB2BA26A7DAA700A6789E /* D.mp3 in Resources */ = {isa = PBXBuildFile; fileRef = 367AB29F26A7DAA600A6789E /* D.mp3 */; };
		367AB2BB26A7DAA700A6789E /* L.mp3 in Resources */ = {isa = PBXBuildFile; fileRef = 367AB2A026A7DAA600A6789E /* L.mp3 */; };
		367AB2BC26A7DAA700A6789E /* B.mp3 in Resources */ = {isa = PBXBuildFile; fileRef = 367AB2A126A7DAA600A6789E /* B.mp3 */; };
		367AB2BD26A7DAA700A6789E /* K.mp3 in Resources */ = {isa = PBXBuildFile; fileRef = 367AB2A226A7DAA600A6789E /* K.mp3 */; };
		367AB2BE26A7DAA700A6789E /* Y.mp3 in Resources */ = {isa = PBXBuildFile; fileRef = 367AB2A326A7DAA600A6789E /* Y.mp3 */; };
		367AB2BF26A7DAA700A6789E /* X.mp3 in Resources */ = {isa = PBXBuildFile; fileRef = 367AB2A426A7DAA600A6789E /* X.mp3 */; };
		367AB2C026A7DAA700A6789E /* M.mp3 in Resources */ = {isa = PBXBuildFile; fileRef = 367AB2A526A7DAA600A6789E /* M.mp3 */; };
		367AB2C126A7DAA700A6789E /* T.mp3 in Resources */ = {isa = PBXBuildFile; fileRef = 367AB2A626A7DAA600A6789E /* T.mp3 */; };
		367AB2C226A7DAA700A6789E /* O.mp3 in Resources */ = {isa = PBXBuildFile; fileRef = 367AB2A726A7DAA600A6789E /* O.mp3 */; };
		367AB2C326A7DAA700A6789E /* S.mp3 in Resources */ = {isa = PBXBuildFile; fileRef = 367AB2A826A7DAA600A6789E /* S.mp3 */; };
		367AB2C426A7DAA700A6789E /* C.mp3 in Resources */ = {isa = PBXBuildFile; fileRef = 367AB2A926A7DAA700A6789E /* C.mp3 */; };
		367AB2C526A7DAA700A6789E /* G.mp3 in Resources */ = {isa = PBXBuildFile; fileRef = 367AB2AA26A7DAA700A6789E /* G.mp3 */; };
		367AB2C626A7DAA700A6789E /* H.mp3 in Resources */ = {isa = PBXBuildFile; fileRef = 367AB2AB26A7DAA700A6789E /* H.mp3 */; };
		367AB2C726A7DAA700A6789E /* R.mp3 in Resources */ = {isa = PBXBuildFile; fileRef = 367AB2AC26A7DAA700A6789E /* R.mp3 */; };
		367AB2C826A7DAA700A6789E /* A.mp3 in Resources */ = {isa = PBXBuildFile; fileRef = 367AB2AD26A7DAA700A6789E /* A.mp3 */; };
		367AB2C926A7DAA700A6789E /* W.mp3 in Resources */ = {isa = PBXBuildFile; fileRef = 367AB2AE26A7DAA700A6789E /* W.mp3 */; };
		367AB2CA26A7DAA700A6789E /* Z.mp3 in Resources */ = {isa = PBXBuildFile; fileRef = 367AB2AF26A7DAA700A6789E /* Z.mp3 */; };
		367AB2CC26A7DAA700A6789E /* I.mp3 in Resources */ = {isa = PBXBuildFile; fileRef = 367AB2B126A7DAA700A6789E /* I.mp3 */; };
		36CB4CFC26B83FA6003DCD14 /* s_narr_A.mp3 in Resources */ = {isa = PBXBuildFile; fileRef = 36CB4CFB26B83FA6003DCD14 /* s_narr_A.mp3 */; };
		8044031926BBCA99005572CE /* ObjectDetailViewController.swift in Sources */ = {isa = PBXBuildFile; fileRef = 8044031826BBCA99005572CE /* ObjectDetailViewController.swift */; };
		80A68D8426BA831E0042C5B6 /* 3DView.storyboard in Resources */ = {isa = PBXBuildFile; fileRef = 80A68D8326BA831E0042C5B6 /* 3DView.storyboard */; };
		80A68D8826BA88230042C5B6 /* ObjectViewController.swift in Sources */ = {isa = PBXBuildFile; fileRef = 80A68D8726BA88230042C5B6 /* ObjectViewController.swift */; };
		80A68D8F26BA92B00042C5B6 /* Apple.usdz in Resources */ = {isa = PBXBuildFile; fileRef = 80A68D8E26BA92B00042C5B6 /* Apple.usdz */; };
		8A9ADA5626C4786100AAE960 /* s_narr_B.mp3 in Resources */ = {isa = PBXBuildFile; fileRef = 8A9ADA5426C4786100AAE960 /* s_narr_B.mp3 */; };
		8A9ADA5726C4786100AAE960 /* s_narr_C.mp3 in Resources */ = {isa = PBXBuildFile; fileRef = 8A9ADA5526C4786100AAE960 /* s_narr_C.mp3 */; };
		8AB1322226A94E8100DF114B /* ChapterPage.swift in Sources */ = {isa = PBXBuildFile; fileRef = 8AB1322126A94E8100DF114B /* ChapterPage.swift */; };
		8AB1322726A955D800DF114B /* Page.swift in Sources */ = {isa = PBXBuildFile; fileRef = 8AB1322626A955D800DF114B /* Page.swift */; };
		8AB1322926A9C33400DF114B /* Chapter.swift in Sources */ = {isa = PBXBuildFile; fileRef = 8AB1322826A9C33400DF114B /* Chapter.swift */; };
		8AFD49D426AAB41500D30FB8 /* Profile.swift in Sources */ = {isa = PBXBuildFile; fileRef = 8AFD49D326AAB41500D30FB8 /* Profile.swift */; };
		8C045B6226A31F4500003F45 /* Extensions.swift in Sources */ = {isa = PBXBuildFile; fileRef = 8C045B6126A31F4500003F45 /* Extensions.swift */; };
		8C07070526A01A1900B83A34 /* inputName.swift in Sources */ = {isa = PBXBuildFile; fileRef = 8C07070426A01A1900B83A34 /* inputName.swift */; };
		8C0B6021269D72460027FDAA /* AppDelegate.swift in Sources */ = {isa = PBXBuildFile; fileRef = 8C0B6020269D72460027FDAA /* AppDelegate.swift */; };
		8C0B6023269D72460027FDAA /* ViewController.swift in Sources */ = {isa = PBXBuildFile; fileRef = 8C0B6022269D72460027FDAA /* ViewController.swift */; };
		8C0B6028269D72460027FDAA /* Main.storyboard in Resources */ = {isa = PBXBuildFile; fileRef = 8C0B6026269D72460027FDAA /* Main.storyboard */; };
		8C0B602A269D72470027FDAA /* Assets.xcassets in Resources */ = {isa = PBXBuildFile; fileRef = 8C0B6029269D72470027FDAA /* Assets.xcassets */; };
		8C0B602D269D72470027FDAA /* LaunchScreen.storyboard in Resources */ = {isa = PBXBuildFile; fileRef = 8C0B602B269D72470027FDAA /* LaunchScreen.storyboard */; };
		8C0B6035269D72BE0027FDAA /* Experience.rcproject in Sources */ = {isa = PBXBuildFile; fileRef = 8C0B6034269D72BE0027FDAA /* Experience.rcproject */; };
		8C179C0C26A4575100244FE3 /* AppleTest.mp3 in Resources */ = {isa = PBXBuildFile; fileRef = 8C179C0B26A4575100244FE3 /* AppleTest.mp3 */; };
		8C179C0E26A4701700244FE3 /* ZapfinoExtraLT-One.otf in Resources */ = {isa = PBXBuildFile; fileRef = 8C179C0D26A4701700244FE3 /* ZapfinoExtraLT-One.otf */; };
		8C25587E26A907EF009987C6 /* Applebhet.xcdatamodeld in Sources */ = {isa = PBXBuildFile; fileRef = 8C25587C26A907EF009987C6 /* Applebhet.xcdatamodeld */; };
		8C25588126A90C9C009987C6 /* AlphabetTable+CoreDataClass.swift in Sources */ = {isa = PBXBuildFile; fileRef = 8C25587F26A90C9C009987C6 /* AlphabetTable+CoreDataClass.swift */; };
		8C25588226A90C9C009987C6 /* AlphabetTable+CoreDataProperties.swift in Sources */ = {isa = PBXBuildFile; fileRef = 8C25588026A90C9C009987C6 /* AlphabetTable+CoreDataProperties.swift */; };
		8C401FA926A07D6200A07ED7 /* SelectChapter.swift in Sources */ = {isa = PBXBuildFile; fileRef = 8C401FA826A07D6200A07ED7 /* SelectChapter.swift */; };
		8C401FAB26A07F7E00A07ED7 /* ParentGuide.swift in Sources */ = {isa = PBXBuildFile; fileRef = 8C401FAA26A07F7E00A07ED7 /* ParentGuide.swift */; };
		8C401FAD26A0847700A07ED7 /* ChapterStartConfirmation.swift in Sources */ = {isa = PBXBuildFile; fileRef = 8C401FAC26A0847700A07ED7 /* ChapterStartConfirmation.swift */; };
		8C401FAF26A0866600A07ED7 /* ChapterIntro.swift in Sources */ = {isa = PBXBuildFile; fileRef = 8C401FAE26A0866600A07ED7 /* ChapterIntro.swift */; };
		8C401FB126A0884E00A07ED7 /* GamePaused.swift in Sources */ = {isa = PBXBuildFile; fileRef = 8C401FB026A0884E00A07ED7 /* GamePaused.swift */; };
		8C401FB326A08ABC00A07ED7 /* AlphabetRecognition.swift in Sources */ = {isa = PBXBuildFile; fileRef = 8C401FB226A08ABC00A07ED7 /* AlphabetRecognition.swift */; };
		8C401FB526A1647D00A07ED7 /* AlphabetSuccess.swift in Sources */ = {isa = PBXBuildFile; fileRef = 8C401FB426A1647D00A07ED7 /* AlphabetSuccess.swift */; };
		8C401FB726A164F500A07ED7 /* WordHint.swift in Sources */ = {isa = PBXBuildFile; fileRef = 8C401FB626A164F500A07ED7 /* WordHint.swift */; };
		8C401FB926A1656500A07ED7 /* ARWordMission.swift in Sources */ = {isa = PBXBuildFile; fileRef = 8C401FB826A1656500A07ED7 /* ARWordMission.swift */; };
		8C401FBB26A165C300A07ED7 /* WordSuccess.swift in Sources */ = {isa = PBXBuildFile; fileRef = 8C401FBA26A165C300A07ED7 /* WordSuccess.swift */; };
		8C401FBD26A1661F00A07ED7 /* WordRecognition.swift in Sources */ = {isa = PBXBuildFile; fileRef = 8C401FBC26A1661F00A07ED7 /* WordRecognition.swift */; };
		8C401FBF26A1669D00A07ED7 /* ARSuccess.swift in Sources */ = {isa = PBXBuildFile; fileRef = 8C401FBE26A1669D00A07ED7 /* ARSuccess.swift */; };
		8C401FC126A167AE00A07ED7 /* AlphabetFinish.swift in Sources */ = {isa = PBXBuildFile; fileRef = 8C401FC026A167AE00A07ED7 /* AlphabetFinish.swift */; };
		8C401FC326A1720400A07ED7 /* LaunchScreen.swift in Sources */ = {isa = PBXBuildFile; fileRef = 8C401FC226A1720400A07ED7 /* LaunchScreen.swift */; };
		8C43408126AFB7150008906A /* AARSuccess.txt in Resources */ = {isa = PBXBuildFile; fileRef = 8C43407C26AFB7150008906A /* AARSuccess.txt */; };
		8C43408226AFB7150008906A /* AwordSuccess.txt in Resources */ = {isa = PBXBuildFile; fileRef = 8C43407D26AFB7150008906A /* AwordSuccess.txt */; };
		8C43408326AFB7150008906A /* AalphabetIntro.txt in Resources */ = {isa = PBXBuildFile; fileRef = 8C43407E26AFB7150008906A /* AalphabetIntro.txt */; };
		8C43408426AFB7150008906A /* AARMission.txt in Resources */ = {isa = PBXBuildFile; fileRef = 8C43407F26AFB7150008906A /* AARMission.txt */; };
		8C43408526AFB7150008906A /* AalphabetSuccess.txt in Resources */ = {isa = PBXBuildFile; fileRef = 8C43408026AFB7150008906A /* AalphabetSuccess.txt */; };
		8C43408A26AFBA830008906A /* BalphabetSuccess.txt in Resources */ = {isa = PBXBuildFile; fileRef = 8C43408626AFBA830008906A /* BalphabetSuccess.txt */; };
		8C43408B26AFBA830008906A /* BalphabetIntro.txt in Resources */ = {isa = PBXBuildFile; fileRef = 8C43408726AFBA830008906A /* BalphabetIntro.txt */; };
		8C43408C26AFBA830008906A /* BARMission.txt in Resources */ = {isa = PBXBuildFile; fileRef = 8C43408826AFBA830008906A /* BARMission.txt */; };
		8C43408D26AFBA830008906A /* BwordSuccess.txt in Resources */ = {isa = PBXBuildFile; fileRef = 8C43408926AFBA830008906A /* BwordSuccess.txt */; };
		8C43408F26AFBA960008906A /* BARSuccess.txt in Resources */ = {isa = PBXBuildFile; fileRef = 8C43408E26AFBA960008906A /* BARSuccess.txt */; };
		8C43409526AFE8EC0008906A /* CARMission.txt in Resources */ = {isa = PBXBuildFile; fileRef = 8C43409026AFE8EC0008906A /* CARMission.txt */; };
		8C43409626AFE8EC0008906A /* CARSuccess.txt in Resources */ = {isa = PBXBuildFile; fileRef = 8C43409126AFE8EC0008906A /* CARSuccess.txt */; };
		8C43409726AFE8EC0008906A /* CwordSuccess.txt in Resources */ = {isa = PBXBuildFile; fileRef = 8C43409226AFE8EC0008906A /* CwordSuccess.txt */; };
		8C43409826AFE8EC0008906A /* CalphabetSuccess.txt in Resources */ = {isa = PBXBuildFile; fileRef = 8C43409326AFE8EC0008906A /* CalphabetSuccess.txt */; };
		8C43409926AFE8EC0008906A /* CalphabetIntro.txt in Resources */ = {isa = PBXBuildFile; fileRef = 8C43409426AFE8EC0008906A /* CalphabetIntro.txt */; };
		8C8EA08B26A40358007DC059 /* ATest.mp3 in Resources */ = {isa = PBXBuildFile; fileRef = 8C8EA08A26A40358007DC059 /* ATest.mp3 */; };
		8C8FB77426A0474A00525903 /* OnBoardingLoading.swift in Sources */ = {isa = PBXBuildFile; fileRef = 8C8FB77326A0474A00525903 /* OnBoardingLoading.swift */; };
		8C9431D7269F1F77006369F9 /* OnBoarding.storyboard in Resources */ = {isa = PBXBuildFile; fileRef = 8C9431D6269F1F77006369F9 /* OnBoarding.storyboard */; };
		8C9431DC269F2EE3006369F9 /* OnBoarding.swift in Sources */ = {isa = PBXBuildFile; fileRef = 8C9431DB269F2EE3006369F9 /* OnBoarding.swift */; };
		8C9431DE269F3281006369F9 /* MainScreen.swift in Sources */ = {isa = PBXBuildFile; fileRef = 8C9431DD269F3281006369F9 /* MainScreen.swift */; };
/* End PBXBuildFile section */

/* Begin PBXFileReference section */
		2D69F491269ED872004433B4 /* SF-Pro-Rounded-Regular.otf */ = {isa = PBXFileReference; lastKnownFileType = file; path = "SF-Pro-Rounded-Regular.otf"; sourceTree = "<group>"; };
		2D69F492269ED872004433B4 /* SF-Pro-Rounded-Semibold.otf */ = {isa = PBXFileReference; lastKnownFileType = file; path = "SF-Pro-Rounded-Semibold.otf"; sourceTree = "<group>"; };
		2D69F493269ED872004433B4 /* SF-Pro-Rounded-Bold.otf */ = {isa = PBXFileReference; lastKnownFileType = file; path = "SF-Pro-Rounded-Bold.otf"; sourceTree = "<group>"; };
		2D69F494269ED873004433B4 /* SF-Pro.ttf */ = {isa = PBXFileReference; lastKnownFileType = file; path = "SF-Pro.ttf"; sourceTree = "<group>"; };
		3620361726A95D6B00066EFB /* s_butt_pressed.mp3 */ = {isa = PBXFileReference; lastKnownFileType = audio.mp3; path = s_butt_pressed.mp3; sourceTree = "<group>"; };
		3620361926A95D6B00066EFB /* s_butt_paused.mp3 */ = {isa = PBXFileReference; lastKnownFileType = audio.mp3; path = s_butt_paused.mp3; sourceTree = "<group>"; };
		3638170F26BC3B070023D743 /* s_congrat.mp3 */ = {isa = PBXFileReference; lastKnownFileType = audio.mp3; path = s_congrat.mp3; sourceTree = "<group>"; };
		3638171126BC3C300023D743 /* Audio.swift */ = {isa = PBXFileReference; lastKnownFileType = sourcecode.swift; path = Audio.swift; sourceTree = "<group>"; };
		3638171326BC4C390023D743 /* s_paused_theme.mp3 */ = {isa = PBXFileReference; lastKnownFileType = audio.mp3; path = s_paused_theme.mp3; sourceTree = "<group>"; };
		363E6C4126AFC20E00DC9D8F /* s_bgm.wav */ = {isa = PBXFileReference; lastKnownFileType = audio.wav; path = s_bgm.wav; sourceTree = "<group>"; };
		363E6C4326AFC47100DC9D8F /* s_butt_GFP.mp3 */ = {isa = PBXFileReference; lastKnownFileType = audio.mp3; path = s_butt_GFP.mp3; sourceTree = "<group>"; };
		364DD18E26A973DE0091DF28 /* s_launch.mp3 */ = {isa = PBXFileReference; lastKnownFileType = audio.mp3; path = s_launch.mp3; sourceTree = "<group>"; };
		364DD19026A973EE0091DF28 /* narr_C.mp3 */ = {isa = PBXFileReference; lastKnownFileType = audio.mp3; path = narr_C.mp3; sourceTree = "<group>"; };
		364DD19126A973EE0091DF28 /* narr_A.mp3 */ = {isa = PBXFileReference; lastKnownFileType = audio.mp3; path = narr_A.mp3; sourceTree = "<group>"; };
		364DD19226A973EE0091DF28 /* narr_B.mp3 */ = {isa = PBXFileReference; lastKnownFileType = audio.mp3; path = narr_B.mp3; sourceTree = "<group>"; };
		3677E0F026A9B8AE00B5FFAC /* s_congrat_B.mp3 */ = {isa = PBXFileReference; lastKnownFileType = audio.mp3; path = s_congrat_B.mp3; sourceTree = "<group>"; };
		3677E0F126A9B8AE00B5FFAC /* s_congrat_B_object.mp3 */ = {isa = PBXFileReference; lastKnownFileType = audio.mp3; path = s_congrat_B_object.mp3; sourceTree = "<group>"; };
		3677E0F226A9B8AE00B5FFAC /* s_congrat_A.mp3 */ = {isa = PBXFileReference; lastKnownFileType = audio.mp3; path = s_congrat_A.mp3; sourceTree = "<group>"; };
		3677E0F326A9B8AE00B5FFAC /* s_congrat_C.mp3 */ = {isa = PBXFileReference; lastKnownFileType = audio.mp3; path = s_congrat_C.mp3; sourceTree = "<group>"; };
		3677E0F426A9B8AF00B5FFAC /* s_congrat_C_object.mp3 */ = {isa = PBXFileReference; lastKnownFileType = audio.mp3; path = s_congrat_C_object.mp3; sourceTree = "<group>"; };
		3677E0F526A9B8AF00B5FFAC /* s_congrat_A_object.mp3 */ = {isa = PBXFileReference; lastKnownFileType = audio.mp3; path = s_congrat_A_object.mp3; sourceTree = "<group>"; };
		367AB29726A7DAA500A6789E /* N.mp3 */ = {isa = PBXFileReference; lastKnownFileType = audio.mp3; path = N.mp3; sourceTree = "<group>"; };
		367AB29826A7DAA500A6789E /* V.mp3 */ = {isa = PBXFileReference; lastKnownFileType = audio.mp3; path = V.mp3; sourceTree = "<group>"; };
		367AB29926A7DAA500A6789E /* J.mp3 */ = {isa = PBXFileReference; lastKnownFileType = audio.mp3; path = J.mp3; sourceTree = "<group>"; };
		367AB29A26A7DAA500A6789E /* E.mp3 */ = {isa = PBXFileReference; lastKnownFileType = audio.mp3; path = E.mp3; sourceTree = "<group>"; };
		367AB29B26A7DAA500A6789E /* Q.mp3 */ = {isa = PBXFileReference; lastKnownFileType = audio.mp3; path = Q.mp3; sourceTree = "<group>"; };
		367AB29C26A7DAA500A6789E /* P.mp3 */ = {isa = PBXFileReference; lastKnownFileType = audio.mp3; path = P.mp3; sourceTree = "<group>"; };
		367AB29D26A7DAA600A6789E /* F.mp3 */ = {isa = PBXFileReference; lastKnownFileType = audio.mp3; path = F.mp3; sourceTree = "<group>"; };
		367AB29E26A7DAA600A6789E /* U.mp3 */ = {isa = PBXFileReference; lastKnownFileType = audio.mp3; path = U.mp3; sourceTree = "<group>"; };
		367AB29F26A7DAA600A6789E /* D.mp3 */ = {isa = PBXFileReference; lastKnownFileType = audio.mp3; path = D.mp3; sourceTree = "<group>"; };
		367AB2A026A7DAA600A6789E /* L.mp3 */ = {isa = PBXFileReference; lastKnownFileType = audio.mp3; path = L.mp3; sourceTree = "<group>"; };
		367AB2A126A7DAA600A6789E /* B.mp3 */ = {isa = PBXFileReference; lastKnownFileType = audio.mp3; path = B.mp3; sourceTree = "<group>"; };
		367AB2A226A7DAA600A6789E /* K.mp3 */ = {isa = PBXFileReference; lastKnownFileType = audio.mp3; path = K.mp3; sourceTree = "<group>"; };
		367AB2A326A7DAA600A6789E /* Y.mp3 */ = {isa = PBXFileReference; lastKnownFileType = audio.mp3; path = Y.mp3; sourceTree = "<group>"; };
		367AB2A426A7DAA600A6789E /* X.mp3 */ = {isa = PBXFileReference; lastKnownFileType = audio.mp3; path = X.mp3; sourceTree = "<group>"; };
		367AB2A526A7DAA600A6789E /* M.mp3 */ = {isa = PBXFileReference; lastKnownFileType = audio.mp3; path = M.mp3; sourceTree = "<group>"; };
		367AB2A626A7DAA600A6789E /* T.mp3 */ = {isa = PBXFileReference; lastKnownFileType = audio.mp3; path = T.mp3; sourceTree = "<group>"; };
		367AB2A726A7DAA600A6789E /* O.mp3 */ = {isa = PBXFileReference; lastKnownFileType = audio.mp3; path = O.mp3; sourceTree = "<group>"; };
		367AB2A826A7DAA600A6789E /* S.mp3 */ = {isa = PBXFileReference; lastKnownFileType = audio.mp3; path = S.mp3; sourceTree = "<group>"; };
		367AB2A926A7DAA700A6789E /* C.mp3 */ = {isa = PBXFileReference; lastKnownFileType = audio.mp3; path = C.mp3; sourceTree = "<group>"; };
		367AB2AA26A7DAA700A6789E /* G.mp3 */ = {isa = PBXFileReference; lastKnownFileType = audio.mp3; path = G.mp3; sourceTree = "<group>"; };
		367AB2AB26A7DAA700A6789E /* H.mp3 */ = {isa = PBXFileReference; lastKnownFileType = audio.mp3; path = H.mp3; sourceTree = "<group>"; };
		367AB2AC26A7DAA700A6789E /* R.mp3 */ = {isa = PBXFileReference; lastKnownFileType = audio.mp3; path = R.mp3; sourceTree = "<group>"; };
		367AB2AD26A7DAA700A6789E /* A.mp3 */ = {isa = PBXFileReference; lastKnownFileType = audio.mp3; path = A.mp3; sourceTree = "<group>"; };
		367AB2AE26A7DAA700A6789E /* W.mp3 */ = {isa = PBXFileReference; lastKnownFileType = audio.mp3; path = W.mp3; sourceTree = "<group>"; };
		367AB2AF26A7DAA700A6789E /* Z.mp3 */ = {isa = PBXFileReference; lastKnownFileType = audio.mp3; path = Z.mp3; sourceTree = "<group>"; };
		367AB2B126A7DAA700A6789E /* I.mp3 */ = {isa = PBXFileReference; lastKnownFileType = audio.mp3; path = I.mp3; sourceTree = "<group>"; };
		36CB4CFB26B83FA6003DCD14 /* s_narr_A.mp3 */ = {isa = PBXFileReference; lastKnownFileType = audio.mp3; path = s_narr_A.mp3; sourceTree = "<group>"; };
		8044031826BBCA99005572CE /* ObjectDetailViewController.swift */ = {isa = PBXFileReference; lastKnownFileType = sourcecode.swift; path = ObjectDetailViewController.swift; sourceTree = "<group>"; };
		80A68D8326BA831E0042C5B6 /* 3DView.storyboard */ = {isa = PBXFileReference; lastKnownFileType = file.storyboard; path = 3DView.storyboard; sourceTree = "<group>"; };
		80A68D8726BA88230042C5B6 /* ObjectViewController.swift */ = {isa = PBXFileReference; lastKnownFileType = sourcecode.swift; path = ObjectViewController.swift; sourceTree = "<group>"; };
		80A68D8E26BA92B00042C5B6 /* Apple.usdz */ = {isa = PBXFileReference; lastKnownFileType = file.usdz; path = Apple.usdz; sourceTree = "<group>"; };
		8A9ADA5426C4786100AAE960 /* s_narr_B.mp3 */ = {isa = PBXFileReference; lastKnownFileType = audio.mp3; path = s_narr_B.mp3; sourceTree = "<group>"; };
		8A9ADA5526C4786100AAE960 /* s_narr_C.mp3 */ = {isa = PBXFileReference; lastKnownFileType = audio.mp3; path = s_narr_C.mp3; sourceTree = "<group>"; };
		8AB1322126A94E8100DF114B /* ChapterPage.swift */ = {isa = PBXFileReference; lastKnownFileType = sourcecode.swift; path = ChapterPage.swift; sourceTree = "<group>"; };
		8AB1322626A955D800DF114B /* Page.swift */ = {isa = PBXFileReference; lastKnownFileType = sourcecode.swift; path = Page.swift; sourceTree = "<group>"; };
		8AB1322826A9C33400DF114B /* Chapter.swift */ = {isa = PBXFileReference; lastKnownFileType = sourcecode.swift; path = Chapter.swift; sourceTree = "<group>"; };
		8AFD49D326AAB41500D30FB8 /* Profile.swift */ = {isa = PBXFileReference; lastKnownFileType = sourcecode.swift; path = Profile.swift; sourceTree = "<group>"; };
		8C045B6126A31F4500003F45 /* Extensions.swift */ = {isa = PBXFileReference; lastKnownFileType = sourcecode.swift; path = Extensions.swift; sourceTree = "<group>"; };
		8C07070426A01A1900B83A34 /* inputName.swift */ = {isa = PBXFileReference; lastKnownFileType = sourcecode.swift; path = inputName.swift; sourceTree = "<group>"; };
		8C0B601D269D72460027FDAA /* Yomukids.app */ = {isa = PBXFileReference; explicitFileType = wrapper.application; includeInIndex = 0; path = Yomukids.app; sourceTree = BUILT_PRODUCTS_DIR; };
		8C0B6020269D72460027FDAA /* AppDelegate.swift */ = {isa = PBXFileReference; lastKnownFileType = sourcecode.swift; path = AppDelegate.swift; sourceTree = "<group>"; };
		8C0B6022269D72460027FDAA /* ViewController.swift */ = {isa = PBXFileReference; lastKnownFileType = sourcecode.swift; path = ViewController.swift; sourceTree = "<group>"; };
		8C0B6027269D72460027FDAA /* Base */ = {isa = PBXFileReference; lastKnownFileType = file.storyboard; name = Base; path = Base.lproj/Main.storyboard; sourceTree = "<group>"; };
		8C0B6029269D72470027FDAA /* Assets.xcassets */ = {isa = PBXFileReference; lastKnownFileType = folder.assetcatalog; path = Assets.xcassets; sourceTree = "<group>"; };
		8C0B602C269D72470027FDAA /* Base */ = {isa = PBXFileReference; lastKnownFileType = file.storyboard; name = Base; path = Base.lproj/LaunchScreen.storyboard; sourceTree = "<group>"; };
		8C0B602E269D72470027FDAA /* Info.plist */ = {isa = PBXFileReference; lastKnownFileType = text.plist.xml; path = Info.plist; sourceTree = "<group>"; };
		8C0B6034269D72BE0027FDAA /* Experience.rcproject */ = {isa = PBXFileReference; lastKnownFileType = file.rcproject; path = Experience.rcproject; sourceTree = "<group>"; };
		8C179C0B26A4575100244FE3 /* AppleTest.mp3 */ = {isa = PBXFileReference; lastKnownFileType = audio.mp3; path = AppleTest.mp3; sourceTree = "<group>"; };
		8C179C0D26A4701700244FE3 /* ZapfinoExtraLT-One.otf */ = {isa = PBXFileReference; lastKnownFileType = file; path = "ZapfinoExtraLT-One.otf"; sourceTree = "<group>"; };
		8C25587D26A907EF009987C6 /* Applebhet.xcdatamodel */ = {isa = PBXFileReference; lastKnownFileType = wrapper.xcdatamodel; path = Applebhet.xcdatamodel; sourceTree = "<group>"; };
		8C25587F26A90C9C009987C6 /* AlphabetTable+CoreDataClass.swift */ = {isa = PBXFileReference; lastKnownFileType = sourcecode.swift; path = "AlphabetTable+CoreDataClass.swift"; sourceTree = "<group>"; };
		8C25588026A90C9C009987C6 /* AlphabetTable+CoreDataProperties.swift */ = {isa = PBXFileReference; lastKnownFileType = sourcecode.swift; path = "AlphabetTable+CoreDataProperties.swift"; sourceTree = "<group>"; };
		8C401FA826A07D6200A07ED7 /* SelectChapter.swift */ = {isa = PBXFileReference; lastKnownFileType = sourcecode.swift; path = SelectChapter.swift; sourceTree = "<group>"; };
		8C401FAA26A07F7E00A07ED7 /* ParentGuide.swift */ = {isa = PBXFileReference; lastKnownFileType = sourcecode.swift; path = ParentGuide.swift; sourceTree = "<group>"; };
		8C401FAC26A0847700A07ED7 /* ChapterStartConfirmation.swift */ = {isa = PBXFileReference; lastKnownFileType = sourcecode.swift; path = ChapterStartConfirmation.swift; sourceTree = "<group>"; };
		8C401FAE26A0866600A07ED7 /* ChapterIntro.swift */ = {isa = PBXFileReference; lastKnownFileType = sourcecode.swift; path = ChapterIntro.swift; sourceTree = "<group>"; };
		8C401FB026A0884E00A07ED7 /* GamePaused.swift */ = {isa = PBXFileReference; lastKnownFileType = sourcecode.swift; path = GamePaused.swift; sourceTree = "<group>"; };
		8C401FB226A08ABC00A07ED7 /* AlphabetRecognition.swift */ = {isa = PBXFileReference; lastKnownFileType = sourcecode.swift; path = AlphabetRecognition.swift; sourceTree = "<group>"; };
		8C401FB426A1647D00A07ED7 /* AlphabetSuccess.swift */ = {isa = PBXFileReference; lastKnownFileType = sourcecode.swift; path = AlphabetSuccess.swift; sourceTree = "<group>"; };
		8C401FB626A164F500A07ED7 /* WordHint.swift */ = {isa = PBXFileReference; lastKnownFileType = sourcecode.swift; path = WordHint.swift; sourceTree = "<group>"; };
		8C401FB826A1656500A07ED7 /* ARWordMission.swift */ = {isa = PBXFileReference; lastKnownFileType = sourcecode.swift; path = ARWordMission.swift; sourceTree = "<group>"; };
		8C401FBA26A165C300A07ED7 /* WordSuccess.swift */ = {isa = PBXFileReference; lastKnownFileType = sourcecode.swift; path = WordSuccess.swift; sourceTree = "<group>"; };
		8C401FBC26A1661F00A07ED7 /* WordRecognition.swift */ = {isa = PBXFileReference; lastKnownFileType = sourcecode.swift; path = WordRecognition.swift; sourceTree = "<group>"; };
		8C401FBE26A1669D00A07ED7 /* ARSuccess.swift */ = {isa = PBXFileReference; lastKnownFileType = sourcecode.swift; path = ARSuccess.swift; sourceTree = "<group>"; };
		8C401FC026A167AE00A07ED7 /* AlphabetFinish.swift */ = {isa = PBXFileReference; lastKnownFileType = sourcecode.swift; path = AlphabetFinish.swift; sourceTree = "<group>"; };
		8C401FC226A1720400A07ED7 /* LaunchScreen.swift */ = {isa = PBXFileReference; lastKnownFileType = sourcecode.swift; path = LaunchScreen.swift; sourceTree = "<group>"; };
		8C43407C26AFB7150008906A /* AARSuccess.txt */ = {isa = PBXFileReference; fileEncoding = 4; lastKnownFileType = text; path = AARSuccess.txt; sourceTree = "<group>"; };
		8C43407D26AFB7150008906A /* AwordSuccess.txt */ = {isa = PBXFileReference; fileEncoding = 4; lastKnownFileType = text; path = AwordSuccess.txt; sourceTree = "<group>"; };
		8C43407E26AFB7150008906A /* AalphabetIntro.txt */ = {isa = PBXFileReference; fileEncoding = 4; lastKnownFileType = text; path = AalphabetIntro.txt; sourceTree = "<group>"; };
		8C43407F26AFB7150008906A /* AARMission.txt */ = {isa = PBXFileReference; fileEncoding = 4; lastKnownFileType = text; path = AARMission.txt; sourceTree = "<group>"; };
		8C43408026AFB7150008906A /* AalphabetSuccess.txt */ = {isa = PBXFileReference; fileEncoding = 4; lastKnownFileType = text; path = AalphabetSuccess.txt; sourceTree = "<group>"; };
		8C43408626AFBA830008906A /* BalphabetSuccess.txt */ = {isa = PBXFileReference; fileEncoding = 4; lastKnownFileType = text; path = BalphabetSuccess.txt; sourceTree = "<group>"; };
		8C43408726AFBA830008906A /* BalphabetIntro.txt */ = {isa = PBXFileReference; fileEncoding = 4; lastKnownFileType = text; path = BalphabetIntro.txt; sourceTree = "<group>"; };
		8C43408826AFBA830008906A /* BARMission.txt */ = {isa = PBXFileReference; fileEncoding = 4; lastKnownFileType = text; path = BARMission.txt; sourceTree = "<group>"; };
		8C43408926AFBA830008906A /* BwordSuccess.txt */ = {isa = PBXFileReference; fileEncoding = 4; lastKnownFileType = text; path = BwordSuccess.txt; sourceTree = "<group>"; };
		8C43408E26AFBA960008906A /* BARSuccess.txt */ = {isa = PBXFileReference; fileEncoding = 4; lastKnownFileType = text; path = BARSuccess.txt; sourceTree = "<group>"; };
		8C43409026AFE8EC0008906A /* CARMission.txt */ = {isa = PBXFileReference; fileEncoding = 4; lastKnownFileType = text; path = CARMission.txt; sourceTree = "<group>"; };
		8C43409126AFE8EC0008906A /* CARSuccess.txt */ = {isa = PBXFileReference; fileEncoding = 4; lastKnownFileType = text; path = CARSuccess.txt; sourceTree = "<group>"; };
		8C43409226AFE8EC0008906A /* CwordSuccess.txt */ = {isa = PBXFileReference; fileEncoding = 4; lastKnownFileType = text; path = CwordSuccess.txt; sourceTree = "<group>"; };
		8C43409326AFE8EC0008906A /* CalphabetSuccess.txt */ = {isa = PBXFileReference; fileEncoding = 4; lastKnownFileType = text; path = CalphabetSuccess.txt; sourceTree = "<group>"; };
		8C43409426AFE8EC0008906A /* CalphabetIntro.txt */ = {isa = PBXFileReference; fileEncoding = 4; lastKnownFileType = text; path = CalphabetIntro.txt; sourceTree = "<group>"; };
		8C8EA08A26A40358007DC059 /* ATest.mp3 */ = {isa = PBXFileReference; lastKnownFileType = audio.mp3; path = ATest.mp3; sourceTree = "<group>"; };
		8C8FB77326A0474A00525903 /* OnBoardingLoading.swift */ = {isa = PBXFileReference; lastKnownFileType = sourcecode.swift; path = OnBoardingLoading.swift; sourceTree = "<group>"; };
		8C9431D6269F1F77006369F9 /* OnBoarding.storyboard */ = {isa = PBXFileReference; lastKnownFileType = file.storyboard; path = OnBoarding.storyboard; sourceTree = "<group>"; };
		8C9431DB269F2EE3006369F9 /* OnBoarding.swift */ = {isa = PBXFileReference; lastKnownFileType = sourcecode.swift; path = OnBoarding.swift; sourceTree = "<group>"; };
		8C9431DD269F3281006369F9 /* MainScreen.swift */ = {isa = PBXFileReference; lastKnownFileType = sourcecode.swift; path = MainScreen.swift; sourceTree = "<group>"; };
/* End PBXFileReference section */

/* Begin PBXFrameworksBuildPhase section */
		8C0B601A269D72460027FDAA /* Frameworks */ = {
			isa = PBXFrameworksBuildPhase;
			buildActionMask = 2147483647;
			files = (
			);
			runOnlyForDeploymentPostprocessing = 0;
		};
/* End PBXFrameworksBuildPhase section */

/* Begin PBXGroup section */
		2D69F490269ED83A004433B4 /* Fonts */ = {
			isa = PBXGroup;
			children = (
				2D69F493269ED872004433B4 /* SF-Pro-Rounded-Bold.otf */,
				8C179C0D26A4701700244FE3 /* ZapfinoExtraLT-One.otf */,
				2D69F491269ED872004433B4 /* SF-Pro-Rounded-Regular.otf */,
				2D69F492269ED872004433B4 /* SF-Pro-Rounded-Semibold.otf */,
				2D69F494269ED873004433B4 /* SF-Pro.ttf */,
			);
			path = Fonts;
			sourceTree = "<group>";
		};
		80A68D8926BA90D10042C5B6 /* Object */ = {
			isa = PBXGroup;
			children = (
				80A68D8E26BA92B00042C5B6 /* Apple.usdz */,
			);
			path = Object;
			sourceTree = "<group>";
		};
		8A9ADA5226C4779000AAE960 /* Alphabets */ = {
			isa = PBXGroup;
			children = (
				367AB2AD26A7DAA700A6789E /* A.mp3 */,
				367AB2A126A7DAA600A6789E /* B.mp3 */,
				367AB2A926A7DAA700A6789E /* C.mp3 */,
				367AB29F26A7DAA600A6789E /* D.mp3 */,
				367AB29A26A7DAA500A6789E /* E.mp3 */,
				367AB29D26A7DAA600A6789E /* F.mp3 */,
				367AB2AA26A7DAA700A6789E /* G.mp3 */,
				367AB2AB26A7DAA700A6789E /* H.mp3 */,
				367AB2B126A7DAA700A6789E /* I.mp3 */,
				367AB29926A7DAA500A6789E /* J.mp3 */,
				367AB2A226A7DAA600A6789E /* K.mp3 */,
				367AB2A026A7DAA600A6789E /* L.mp3 */,
				367AB2A526A7DAA600A6789E /* M.mp3 */,
				367AB29726A7DAA500A6789E /* N.mp3 */,
				367AB2A726A7DAA600A6789E /* O.mp3 */,
				367AB29C26A7DAA500A6789E /* P.mp3 */,
				367AB29B26A7DAA500A6789E /* Q.mp3 */,
				367AB2AC26A7DAA700A6789E /* R.mp3 */,
				367AB2A826A7DAA600A6789E /* S.mp3 */,
				367AB2A626A7DAA600A6789E /* T.mp3 */,
				367AB29E26A7DAA600A6789E /* U.mp3 */,
				367AB29826A7DAA500A6789E /* V.mp3 */,
				367AB2AE26A7DAA700A6789E /* W.mp3 */,
				367AB2A426A7DAA600A6789E /* X.mp3 */,
				367AB2A326A7DAA600A6789E /* Y.mp3 */,
				367AB2AF26A7DAA700A6789E /* Z.mp3 */,
			);
			path = Alphabets;
			sourceTree = "<group>";
		};
		8A9ADA5326C477F900AAE960 /* Narrations */ = {
			isa = PBXGroup;
			children = (
				8A9ADA5426C4786100AAE960 /* s_narr_B.mp3 */,
				8A9ADA5526C4786100AAE960 /* s_narr_C.mp3 */,
				36CB4CFB26B83FA6003DCD14 /* s_narr_A.mp3 */,
				364DD19126A973EE0091DF28 /* narr_A.mp3 */,
				364DD19226A973EE0091DF28 /* narr_B.mp3 */,
				364DD19026A973EE0091DF28 /* narr_C.mp3 */,
			);
			path = Narrations;
			sourceTree = "<group>";
		};
		8A9ADA5826C47ADC00AAE960 /* Congrats */ = {
			isa = PBXGroup;
			children = (
				3638170F26BC3B070023D743 /* s_congrat.mp3 */,
				3677E0F226A9B8AE00B5FFAC /* s_congrat_A.mp3 */,
				3677E0F526A9B8AF00B5FFAC /* s_congrat_A_object.mp3 */,
				3677E0F026A9B8AE00B5FFAC /* s_congrat_B.mp3 */,
				3677E0F126A9B8AE00B5FFAC /* s_congrat_B_object.mp3 */,
				3677E0F326A9B8AE00B5FFAC /* s_congrat_C.mp3 */,
				3677E0F426A9B8AF00B5FFAC /* s_congrat_C_object.mp3 */,
			);
			path = Congrats;
			sourceTree = "<group>";
		};
		8AB1322326A9557E00DF114B /* Models */ = {
			isa = PBXGroup;
			children = (
				8AB1322626A955D800DF114B /* Page.swift */,
				8AB1322826A9C33400DF114B /* Chapter.swift */,
			);
			path = Models;
			sourceTree = "<group>";
		};
		8C045B6026A31F2700003F45 /* Extensions */ = {
			isa = PBXGroup;
			children = (
				8C045B6126A31F4500003F45 /* Extensions.swift */,
			);
			path = Extensions;
			sourceTree = "<group>";
		};
		8C0B6014269D72460027FDAA = {
			isa = PBXGroup;
			children = (
				8C25587F26A90C9C009987C6 /* AlphabetTable+CoreDataClass.swift */,
				8C25588026A90C9C009987C6 /* AlphabetTable+CoreDataProperties.swift */,
				8C0B601F269D72460027FDAA /* AR2ndTest */,
				8C0B601E269D72460027FDAA /* Products */,
			);
			sourceTree = "<group>";
		};
		8C0B601E269D72460027FDAA /* Products */ = {
			isa = PBXGroup;
			children = (
				8C0B601D269D72460027FDAA /* Yomukids.app */,
			);
			name = Products;
			sourceTree = "<group>";
		};
		8C0B601F269D72460027FDAA /* AR2ndTest */ = {
			isa = PBXGroup;
			children = (
				80A68D8926BA90D10042C5B6 /* Object */,
				8C045B6026A31F2700003F45 /* Extensions */,
				8AB1322326A9557E00DF114B /* Models */,
				8C25588326A92AB8009987C6 /* Stories */,
				8C8EA08C26A40381007DC059 /* AudioFiles */,
				8C9431DA269F26B7006369F9 /* RCProjects */,
				8C9431D9269F2674006369F9 /* Controllers */,
				8C9431D8269F22EE006369F9 /* Storyboards */,
				2D69F490269ED83A004433B4 /* Fonts */,
				8C0B6029269D72470027FDAA /* Assets.xcassets */,
				8C0B6020269D72460027FDAA /* AppDelegate.swift */,
				8C25587C26A907EF009987C6 /* Applebhet.xcdatamodeld */,
				8C0B602E269D72470027FDAA /* Info.plist */,
			);
			path = AR2ndTest;
			sourceTree = "<group>";
		};
		8C25588326A92AB8009987C6 /* Stories */ = {
			isa = PBXGroup;
			children = (
				8C43407E26AFB7150008906A /* AalphabetIntro.txt */,
				8C43408026AFB7150008906A /* AalphabetSuccess.txt */,
				8C43407F26AFB7150008906A /* AARMission.txt */,
				8C43407C26AFB7150008906A /* AARSuccess.txt */,
				8C43407D26AFB7150008906A /* AwordSuccess.txt */,
				8C43408726AFBA830008906A /* BalphabetIntro.txt */,
				8C43408626AFBA830008906A /* BalphabetSuccess.txt */,
				8C43408826AFBA830008906A /* BARMission.txt */,
				8C43408E26AFBA960008906A /* BARSuccess.txt */,
				8C43408926AFBA830008906A /* BwordSuccess.txt */,
				8C43409426AFE8EC0008906A /* CalphabetIntro.txt */,
				8C43409326AFE8EC0008906A /* CalphabetSuccess.txt */,
				8C43409026AFE8EC0008906A /* CARMission.txt */,
				8C43409126AFE8EC0008906A /* CARSuccess.txt */,
				8C43409226AFE8EC0008906A /* CwordSuccess.txt */,
			);
			path = Stories;
			sourceTree = "<group>";
		};
		8C8EA08C26A40381007DC059 /* AudioFiles */ = {
			isa = PBXGroup;
			children = (
				8A9ADA5826C47ADC00AAE960 /* Congrats */,
				363E6C4126AFC20E00DC9D8F /* s_bgm.wav */,
				363E6C4326AFC47100DC9D8F /* s_butt_GFP.mp3 */,
				8A9ADA5326C477F900AAE960 /* Narrations */,
				3620361926A95D6B00066EFB /* s_butt_paused.mp3 */,
				3620361726A95D6B00066EFB /* s_butt_pressed.mp3 */,
				364DD18E26A973DE0091DF28 /* s_launch.mp3 */,
				3638171326BC4C390023D743 /* s_paused_theme.mp3 */,
				8A9ADA5226C4779000AAE960 /* Alphabets */,
				8C179C0B26A4575100244FE3 /* AppleTest.mp3 */,
				8C8EA08A26A40358007DC059 /* ATest.mp3 */,
			);
			path = AudioFiles;
			sourceTree = "<group>";
		};
		8C9431D8269F22EE006369F9 /* Storyboards */ = {
			isa = PBXGroup;
			children = (
				8C0B602B269D72470027FDAA /* LaunchScreen.storyboard */,
				8C9431D6269F1F77006369F9 /* OnBoarding.storyboard */,
				8C0B6026269D72460027FDAA /* Main.storyboard */,
				80A68D8326BA831E0042C5B6 /* 3DView.storyboard */,
			);
			path = Storyboards;
			sourceTree = "<group>";
		};
		8C9431D9269F2674006369F9 /* Controllers */ = {
			isa = PBXGroup;
			children = (
				8C8FB77326A0474A00525903 /* OnBoardingLoading.swift */,
				8C9431DB269F2EE3006369F9 /* OnBoarding.swift */,
				8C07070426A01A1900B83A34 /* inputName.swift */,
				8C9431DD269F3281006369F9 /* MainScreen.swift */,
				8C401FAA26A07F7E00A07ED7 /* ParentGuide.swift */,
				8C401FA826A07D6200A07ED7 /* SelectChapter.swift */,
				8AB1322126A94E8100DF114B /* ChapterPage.swift */,
				8C401FAC26A0847700A07ED7 /* ChapterStartConfirmation.swift */,
				8C401FAE26A0866600A07ED7 /* ChapterIntro.swift */,
				8C401FB226A08ABC00A07ED7 /* AlphabetRecognition.swift */,
				8C401FB426A1647D00A07ED7 /* AlphabetSuccess.swift */,
				8C401FB826A1656500A07ED7 /* ARWordMission.swift */,
				8C0B6022269D72460027FDAA /* ViewController.swift */,
				8C401FBE26A1669D00A07ED7 /* ARSuccess.swift */,
				8C401FB626A164F500A07ED7 /* WordHint.swift */,
				8C401FBC26A1661F00A07ED7 /* WordRecognition.swift */,
				8C401FBA26A165C300A07ED7 /* WordSuccess.swift */,
				8C401FC026A167AE00A07ED7 /* AlphabetFinish.swift */,
				8C401FC226A1720400A07ED7 /* LaunchScreen.swift */,
				8AFD49D326AAB41500D30FB8 /* Profile.swift */,
				8C401FB026A0884E00A07ED7 /* GamePaused.swift */,
				80A68D8726BA88230042C5B6 /* ObjectViewController.swift */,
				8044031826BBCA99005572CE /* ObjectDetailViewController.swift */,
				3638171126BC3C300023D743 /* Audio.swift */,
			);
			path = Controllers;
			sourceTree = "<group>";
		};
		8C9431DA269F26B7006369F9 /* RCProjects */ = {
			isa = PBXGroup;
			children = (
				8C0B6034269D72BE0027FDAA /* Experience.rcproject */,
			);
			path = RCProjects;
			sourceTree = "<group>";
		};
/* End PBXGroup section */

/* Begin PBXNativeTarget section */
		8C0B601C269D72460027FDAA /* Yomukids */ = {
			isa = PBXNativeTarget;
			buildConfigurationList = 8C0B6031269D72470027FDAA /* Build configuration list for PBXNativeTarget "Yomukids" */;
			buildPhases = (
				8C0B6019269D72460027FDAA /* Sources */,
				8C0B601A269D72460027FDAA /* Frameworks */,
				8C0B601B269D72460027FDAA /* Resources */,
			);
			buildRules = (
			);
			dependencies = (
			);
			name = Yomukids;
			productName = AR2ndTest;
			productReference = 8C0B601D269D72460027FDAA /* Yomukids.app */;
			productType = "com.apple.product-type.application";
		};
/* End PBXNativeTarget section */

/* Begin PBXProject section */
		8C0B6015269D72460027FDAA /* Project object */ = {
			isa = PBXProject;
			attributes = {
				LastSwiftUpdateCheck = 1250;
				LastUpgradeCheck = 1250;
				TargetAttributes = {
					8C0B601C269D72460027FDAA = {
						CreatedOnToolsVersion = 12.5.1;
					};
				};
			};
			buildConfigurationList = 8C0B6018269D72460027FDAA /* Build configuration list for PBXProject "AR2ndTest" */;
			compatibilityVersion = "Xcode 9.3";
			developmentRegion = en;
			hasScannedForEncodings = 0;
			knownRegions = (
				en,
				Base,
			);
			mainGroup = 8C0B6014269D72460027FDAA;
			productRefGroup = 8C0B601E269D72460027FDAA /* Products */;
			projectDirPath = "";
			projectRoot = "";
			targets = (
				8C0B601C269D72460027FDAA /* Yomukids */,
			);
		};
/* End PBXProject section */

/* Begin PBXResourcesBuildPhase section */
		8C0B601B269D72460027FDAA /* Resources */ = {
			isa = PBXResourcesBuildPhase;
			buildActionMask = 2147483647;
			files = (
				367AB2C726A7DAA700A6789E /* R.mp3 in Resources */,
				8C43408126AFB7150008906A /* AARSuccess.txt in Resources */,
				8C179C0E26A4701700244FE3 /* ZapfinoExtraLT-One.otf in Resources */,
				8C8EA08B26A40358007DC059 /* ATest.mp3 in Resources */,
				8C0B602D269D72470027FDAA /* LaunchScreen.storyboard in Resources */,
				2D69F495269ED873004433B4 /* SF-Pro-Rounded-Regular.otf in Resources */,
				367AB2B626A7DAA700A6789E /* Q.mp3 in Resources */,
				8C0B602A269D72470027FDAA /* Assets.xcassets in Resources */,
				367AB2BB26A7DAA700A6789E /* L.mp3 in Resources */,
				8C43408426AFB7150008906A /* AARMission.txt in Resources */,
				3638171426BC4C390023D743 /* s_paused_theme.mp3 in Resources */,
				367AB2B326A7DAA700A6789E /* V.mp3 in Resources */,
				367AB2B726A7DAA700A6789E /* P.mp3 in Resources */,
				2D69F498269ED873004433B4 /* SF-Pro.ttf in Resources */,
				8C43409626AFE8EC0008906A /* CARSuccess.txt in Resources */,
				8C43408526AFB7150008906A /* AalphabetSuccess.txt in Resources */,
				367AB2B826A7DAA700A6789E /* F.mp3 in Resources */,
				367AB2C626A7DAA700A6789E /* H.mp3 in Resources */,
				367AB2BF26A7DAA700A6789E /* X.mp3 in Resources */,
				8C43409926AFE8EC0008906A /* CalphabetIntro.txt in Resources */,
				8C43408B26AFBA830008906A /* BalphabetIntro.txt in Resources */,
				364DD19426A973EE0091DF28 /* narr_A.mp3 in Resources */,
				367AB2C326A7DAA700A6789E /* S.mp3 in Resources */,
				367AB2BC26A7DAA700A6789E /* B.mp3 in Resources */,
				364DD19526A973EE0091DF28 /* narr_B.mp3 in Resources */,
				3677E0F926A9B8AF00B5FFAC /* s_congrat_C.mp3 in Resources */,
				8C43408226AFB7150008906A /* AwordSuccess.txt in Resources */,
				367AB2BE26A7DAA700A6789E /* Y.mp3 in Resources */,
				367AB2C526A7DAA700A6789E /* G.mp3 in Resources */,
				367AB2C926A7DAA700A6789E /* W.mp3 in Resources */,
				364DD18F26A973DE0091DF28 /* s_launch.mp3 in Resources */,
				363E6C4226AFC20E00DC9D8F /* s_bgm.wav in Resources */,
				3638171026BC3B070023D743 /* s_congrat.mp3 in Resources */,
				367AB2B426A7DAA700A6789E /* J.mp3 in Resources */,
				367AB2BA26A7DAA700A6789E /* D.mp3 in Resources */,
				8C43408C26AFBA830008906A /* BARMission.txt in Resources */,
				3677E0F726A9B8AF00B5FFAC /* s_congrat_B_object.mp3 in Resources */,
				367AB2CA26A7DAA700A6789E /* Z.mp3 in Resources */,
				2D69F497269ED873004433B4 /* SF-Pro-Rounded-Bold.otf in Resources */,
				36CB4CFC26B83FA6003DCD14 /* s_narr_A.mp3 in Resources */,
				8C43408A26AFBA830008906A /* BalphabetSuccess.txt in Resources */,
				367AB2C426A7DAA700A6789E /* C.mp3 in Resources */,
				8C43408F26AFBA960008906A /* BARSuccess.txt in Resources */,
				8C43409526AFE8EC0008906A /* CARMission.txt in Resources */,
				367AB2B526A7DAA700A6789E /* E.mp3 in Resources */,
				3620361C26A95D6B00066EFB /* s_butt_paused.mp3 in Resources */,
				3677E0F626A9B8AF00B5FFAC /* s_congrat_B.mp3 in Resources */,
				364DD19326A973EE0091DF28 /* narr_C.mp3 in Resources */,
				8A9ADA5626C4786100AAE960 /* s_narr_B.mp3 in Resources */,
				8C0B6028269D72460027FDAA /* Main.storyboard in Resources */,
				3677E0F826A9B8AF00B5FFAC /* s_congrat_A.mp3 in Resources */,
				8C179C0C26A4575100244FE3 /* AppleTest.mp3 in Resources */,
				8C43409826AFE8EC0008906A /* CalphabetSuccess.txt in Resources */,
				363E6C4426AFC47100DC9D8F /* s_butt_GFP.mp3 in Resources */,
				367AB2BD26A7DAA700A6789E /* K.mp3 in Resources */,
				80A68D8426BA831E0042C5B6 /* 3DView.storyboard in Resources */,
				3620361A26A95D6B00066EFB /* s_butt_pressed.mp3 in Resources */,
				367AB2C826A7DAA700A6789E /* A.mp3 in Resources */,
				367AB2C126A7DAA700A6789E /* T.mp3 in Resources */,
				367AB2C226A7DAA700A6789E /* O.mp3 in Resources */,
				8A9ADA5726C4786100AAE960 /* s_narr_C.mp3 in Resources */,
				80A68D8F26BA92B00042C5B6 /* Apple.usdz in Resources */,
				367AB2B226A7DAA700A6789E /* N.mp3 in Resources */,
				8C43409726AFE8EC0008906A /* CwordSuccess.txt in Resources */,
				8C43408D26AFBA830008906A /* BwordSuccess.txt in Resources */,
				3677E0FB26A9B8AF00B5FFAC /* s_congrat_A_object.mp3 in Resources */,
				2D69F496269ED873004433B4 /* SF-Pro-Rounded-Semibold.otf in Resources */,
				8C9431D7269F1F77006369F9 /* OnBoarding.storyboard in Resources */,
				8C43408326AFB7150008906A /* AalphabetIntro.txt in Resources */,
				367AB2C026A7DAA700A6789E /* M.mp3 in Resources */,
				367AB2CC26A7DAA700A6789E /* I.mp3 in Resources */,
				3677E0FA26A9B8AF00B5FFAC /* s_congrat_C_object.mp3 in Resources */,
				367AB2B926A7DAA700A6789E /* U.mp3 in Resources */,
			);
			runOnlyForDeploymentPostprocessing = 0;
		};
/* End PBXResourcesBuildPhase section */

/* Begin PBXSourcesBuildPhase section */
		8C0B6019269D72460027FDAA /* Sources */ = {
			isa = PBXSourcesBuildPhase;
			buildActionMask = 2147483647;
			files = (
				8C25587E26A907EF009987C6 /* Applebhet.xcdatamodeld in Sources */,
				8C0B6023269D72460027FDAA /* ViewController.swift in Sources */,
				8AFD49D426AAB41500D30FB8 /* Profile.swift in Sources */,
				8C401FBF26A1669D00A07ED7 /* ARSuccess.swift in Sources */,
				8C401FAF26A0866600A07ED7 /* ChapterIntro.swift in Sources */,
				8C0B6021269D72460027FDAA /* AppDelegate.swift in Sources */,
				8C9431DE269F3281006369F9 /* MainScreen.swift in Sources */,
				8C8FB77426A0474A00525903 /* OnBoardingLoading.swift in Sources */,
				8C401FB726A164F500A07ED7 /* WordHint.swift in Sources */,
				8C401FAB26A07F7E00A07ED7 /* ParentGuide.swift in Sources */,
				8AB1322226A94E8100DF114B /* ChapterPage.swift in Sources */,
				80A68D8826BA88230042C5B6 /* ObjectViewController.swift in Sources */,
				8C07070526A01A1900B83A34 /* inputName.swift in Sources */,
				8C045B6226A31F4500003F45 /* Extensions.swift in Sources */,
				8044031926BBCA99005572CE /* ObjectDetailViewController.swift in Sources */,
				8C401FA926A07D6200A07ED7 /* SelectChapter.swift in Sources */,
				8C401FB526A1647D00A07ED7 /* AlphabetSuccess.swift in Sources */,
				8C9431DC269F2EE3006369F9 /* OnBoarding.swift in Sources */,
				8C25588226A90C9C009987C6 /* AlphabetTable+CoreDataProperties.swift in Sources */,
				8C0B6035269D72BE0027FDAA /* Experience.rcproject in Sources */,
				8AB1322726A955D800DF114B /* Page.swift in Sources */,
				8C401FB326A08ABC00A07ED7 /* AlphabetRecognition.swift in Sources */,
				8C401FC326A1720400A07ED7 /* LaunchScreen.swift in Sources */,
				8C401FAD26A0847700A07ED7 /* ChapterStartConfirmation.swift in Sources */,
				8C401FB126A0884E00A07ED7 /* GamePaused.swift in Sources */,
				8C25588126A90C9C009987C6 /* AlphabetTable+CoreDataClass.swift in Sources */,
				3638171226BC3C300023D743 /* Audio.swift in Sources */,
				8C401FBD26A1661F00A07ED7 /* WordRecognition.swift in Sources */,
				8C401FC126A167AE00A07ED7 /* AlphabetFinish.swift in Sources */,
				8C401FBB26A165C300A07ED7 /* WordSuccess.swift in Sources */,
				8C401FB926A1656500A07ED7 /* ARWordMission.swift in Sources */,
				8AB1322926A9C33400DF114B /* Chapter.swift in Sources */,
			);
			runOnlyForDeploymentPostprocessing = 0;
		};
/* End PBXSourcesBuildPhase section */

/* Begin PBXVariantGroup section */
		8C0B6026269D72460027FDAA /* Main.storyboard */ = {
			isa = PBXVariantGroup;
			children = (
				8C0B6027269D72460027FDAA /* Base */,
			);
			name = Main.storyboard;
			sourceTree = "<group>";
		};
		8C0B602B269D72470027FDAA /* LaunchScreen.storyboard */ = {
			isa = PBXVariantGroup;
			children = (
				8C0B602C269D72470027FDAA /* Base */,
			);
			name = LaunchScreen.storyboard;
			sourceTree = "<group>";
		};
/* End PBXVariantGroup section */

/* Begin XCBuildConfiguration section */
		8C0B602F269D72470027FDAA /* Debug */ = {
			isa = XCBuildConfiguration;
			buildSettings = {
				ALWAYS_SEARCH_USER_PATHS = NO;
				CLANG_ANALYZER_NONNULL = YES;
				CLANG_ANALYZER_NUMBER_OBJECT_CONVERSION = YES_AGGRESSIVE;
				CLANG_CXX_LANGUAGE_STANDARD = "gnu++14";
				CLANG_CXX_LIBRARY = "libc++";
				CLANG_ENABLE_MODULES = YES;
				CLANG_ENABLE_OBJC_ARC = YES;
				CLANG_ENABLE_OBJC_WEAK = YES;
				CLANG_WARN_BLOCK_CAPTURE_AUTORELEASING = YES;
				CLANG_WARN_BOOL_CONVERSION = YES;
				CLANG_WARN_COMMA = YES;
				CLANG_WARN_CONSTANT_CONVERSION = YES;
				CLANG_WARN_DEPRECATED_OBJC_IMPLEMENTATIONS = YES;
				CLANG_WARN_DIRECT_OBJC_ISA_USAGE = YES_ERROR;
				CLANG_WARN_DOCUMENTATION_COMMENTS = YES;
				CLANG_WARN_EMPTY_BODY = YES;
				CLANG_WARN_ENUM_CONVERSION = YES;
				CLANG_WARN_INFINITE_RECURSION = YES;
				CLANG_WARN_INT_CONVERSION = YES;
				CLANG_WARN_NON_LITERAL_NULL_CONVERSION = YES;
				CLANG_WARN_OBJC_IMPLICIT_RETAIN_SELF = YES;
				CLANG_WARN_OBJC_LITERAL_CONVERSION = YES;
				CLANG_WARN_OBJC_ROOT_CLASS = YES_ERROR;
				CLANG_WARN_QUOTED_INCLUDE_IN_FRAMEWORK_HEADER = YES;
				CLANG_WARN_RANGE_LOOP_ANALYSIS = YES;
				CLANG_WARN_STRICT_PROTOTYPES = YES;
				CLANG_WARN_SUSPICIOUS_MOVE = YES;
				CLANG_WARN_UNGUARDED_AVAILABILITY = YES_AGGRESSIVE;
				CLANG_WARN_UNREACHABLE_CODE = YES;
				CLANG_WARN__DUPLICATE_METHOD_MATCH = YES;
				COPY_PHASE_STRIP = NO;
				DEBUG_INFORMATION_FORMAT = dwarf;
				ENABLE_STRICT_OBJC_MSGSEND = YES;
				ENABLE_TESTABILITY = YES;
				GCC_C_LANGUAGE_STANDARD = gnu11;
				GCC_DYNAMIC_NO_PIC = NO;
				GCC_NO_COMMON_BLOCKS = YES;
				GCC_OPTIMIZATION_LEVEL = 0;
				GCC_PREPROCESSOR_DEFINITIONS = (
					"DEBUG=1",
					"$(inherited)",
				);
				GCC_WARN_64_TO_32_BIT_CONVERSION = YES;
				GCC_WARN_ABOUT_RETURN_TYPE = YES_ERROR;
				GCC_WARN_UNDECLARED_SELECTOR = YES;
				GCC_WARN_UNINITIALIZED_AUTOS = YES_AGGRESSIVE;
				GCC_WARN_UNUSED_FUNCTION = YES;
				GCC_WARN_UNUSED_VARIABLE = YES;
				IPHONEOS_DEPLOYMENT_TARGET = 14.5;
				MTL_ENABLE_DEBUG_INFO = INCLUDE_SOURCE;
				MTL_FAST_MATH = YES;
				ONLY_ACTIVE_ARCH = YES;
				SDKROOT = iphoneos;
				SWIFT_ACTIVE_COMPILATION_CONDITIONS = DEBUG;
				SWIFT_OPTIMIZATION_LEVEL = "-Onone";
			};
			name = Debug;
		};
		8C0B6030269D72470027FDAA /* Release */ = {
			isa = XCBuildConfiguration;
			buildSettings = {
				ALWAYS_SEARCH_USER_PATHS = NO;
				CLANG_ANALYZER_NONNULL = YES;
				CLANG_ANALYZER_NUMBER_OBJECT_CONVERSION = YES_AGGRESSIVE;
				CLANG_CXX_LANGUAGE_STANDARD = "gnu++14";
				CLANG_CXX_LIBRARY = "libc++";
				CLANG_ENABLE_MODULES = YES;
				CLANG_ENABLE_OBJC_ARC = YES;
				CLANG_ENABLE_OBJC_WEAK = YES;
				CLANG_WARN_BLOCK_CAPTURE_AUTORELEASING = YES;
				CLANG_WARN_BOOL_CONVERSION = YES;
				CLANG_WARN_COMMA = YES;
				CLANG_WARN_CONSTANT_CONVERSION = YES;
				CLANG_WARN_DEPRECATED_OBJC_IMPLEMENTATIONS = YES;
				CLANG_WARN_DIRECT_OBJC_ISA_USAGE = YES_ERROR;
				CLANG_WARN_DOCUMENTATION_COMMENTS = YES;
				CLANG_WARN_EMPTY_BODY = YES;
				CLANG_WARN_ENUM_CONVERSION = YES;
				CLANG_WARN_INFINITE_RECURSION = YES;
				CLANG_WARN_INT_CONVERSION = YES;
				CLANG_WARN_NON_LITERAL_NULL_CONVERSION = YES;
				CLANG_WARN_OBJC_IMPLICIT_RETAIN_SELF = YES;
				CLANG_WARN_OBJC_LITERAL_CONVERSION = YES;
				CLANG_WARN_OBJC_ROOT_CLASS = YES_ERROR;
				CLANG_WARN_QUOTED_INCLUDE_IN_FRAMEWORK_HEADER = YES;
				CLANG_WARN_RANGE_LOOP_ANALYSIS = YES;
				CLANG_WARN_STRICT_PROTOTYPES = YES;
				CLANG_WARN_SUSPICIOUS_MOVE = YES;
				CLANG_WARN_UNGUARDED_AVAILABILITY = YES_AGGRESSIVE;
				CLANG_WARN_UNREACHABLE_CODE = YES;
				CLANG_WARN__DUPLICATE_METHOD_MATCH = YES;
				COPY_PHASE_STRIP = NO;
				DEBUG_INFORMATION_FORMAT = "dwarf-with-dsym";
				ENABLE_NS_ASSERTIONS = NO;
				ENABLE_STRICT_OBJC_MSGSEND = YES;
				GCC_C_LANGUAGE_STANDARD = gnu11;
				GCC_NO_COMMON_BLOCKS = YES;
				GCC_WARN_64_TO_32_BIT_CONVERSION = YES;
				GCC_WARN_ABOUT_RETURN_TYPE = YES_ERROR;
				GCC_WARN_UNDECLARED_SELECTOR = YES;
				GCC_WARN_UNINITIALIZED_AUTOS = YES_AGGRESSIVE;
				GCC_WARN_UNUSED_FUNCTION = YES;
				GCC_WARN_UNUSED_VARIABLE = YES;
				IPHONEOS_DEPLOYMENT_TARGET = 14.5;
				MTL_ENABLE_DEBUG_INFO = NO;
				MTL_FAST_MATH = YES;
				SDKROOT = iphoneos;
				SWIFT_COMPILATION_MODE = wholemodule;
				SWIFT_OPTIMIZATION_LEVEL = "-O";
				VALIDATE_PRODUCT = YES;
			};
			name = Release;
		};
		8C0B6032269D72470027FDAA /* Debug */ = {
			isa = XCBuildConfiguration;
			buildSettings = {
				ASSETCATALOG_COMPILER_APPICON_NAME = AppIcon;
				ASSETCATALOG_COMPILER_GLOBAL_ACCENT_COLOR_NAME = AccentColor;
				CODE_SIGN_STYLE = Automatic;
				CURRENT_PROJECT_VERSION = 4;
				DEVELOPMENT_TEAM = ZMJ8X3L72S;
				INFOPLIST_FILE = AR2ndTest/Info.plist;
				LD_RUNPATH_SEARCH_PATHS = (
					"$(inherited)",
					"@executable_path/Frameworks",
				);
				MARKETING_VERSION = 0.0.1;
				PRODUCT_BUNDLE_IDENTIFIER = com.jellyfish.AR2ndTest;
				PRODUCT_NAME = "$(TARGET_NAME)";
				SWIFT_VERSION = 5.0;
				TARGETED_DEVICE_FAMILY = 2;
			};
			name = Debug;
		};
		8C0B6033269D72470027FDAA /* Release */ = {
			isa = XCBuildConfiguration;
			buildSettings = {
				ASSETCATALOG_COMPILER_APPICON_NAME = AppIcon;
				ASSETCATALOG_COMPILER_GLOBAL_ACCENT_COLOR_NAME = AccentColor;
				CODE_SIGN_STYLE = Automatic;
				CURRENT_PROJECT_VERSION = 4;
				DEVELOPMENT_TEAM = ZMJ8X3L72S;
				INFOPLIST_FILE = AR2ndTest/Info.plist;
				LD_RUNPATH_SEARCH_PATHS = (
					"$(inherited)",
					"@executable_path/Frameworks",
				);
				MARKETING_VERSION = 0.0.1;
				PRODUCT_BUNDLE_IDENTIFIER = com.jellyfish.AR2ndTest;
				PRODUCT_NAME = "$(TARGET_NAME)";
				SWIFT_VERSION = 5.0;
				TARGETED_DEVICE_FAMILY = 2;
			};
			name = Release;
		};
/* End XCBuildConfiguration section */

/* Begin XCConfigurationList section */
		8C0B6018269D72460027FDAA /* Build configuration list for PBXProject "AR2ndTest" */ = {
			isa = XCConfigurationList;
			buildConfigurations = (
				8C0B602F269D72470027FDAA /* Debug */,
				8C0B6030269D72470027FDAA /* Release */,
			);
			defaultConfigurationIsVisible = 0;
			defaultConfigurationName = Release;
		};
		8C0B6031269D72470027FDAA /* Build configuration list for PBXNativeTarget "Yomukids" */ = {
			isa = XCConfigurationList;
			buildConfigurations = (
				8C0B6032269D72470027FDAA /* Debug */,
				8C0B6033269D72470027FDAA /* Release */,
			);
			defaultConfigurationIsVisible = 0;
			defaultConfigurationName = Release;
		};
/* End XCConfigurationList section */

/* Begin XCVersionGroup section */
		8C25587C26A907EF009987C6 /* Applebhet.xcdatamodeld */ = {
			isa = XCVersionGroup;
			children = (
				8C25587D26A907EF009987C6 /* Applebhet.xcdatamodel */,
			);
			currentVersion = 8C25587D26A907EF009987C6 /* Applebhet.xcdatamodel */;
			path = Applebhet.xcdatamodeld;
			sourceTree = "<group>";
			versionGroupType = wrapper.xcdatamodel;
		};
/* End XCVersionGroup section */
	};
	rootObject = 8C0B6015269D72460027FDAA /* Project object */;
}
