// !$*UTF8*$!
{
	archiveVersion = 1;
	classes = {
	};
	objectVersion = 50;
	objects = {

/* Begin PBXBuildFile section */
		2D69F495269ED873004433B4 /* SF-Pro-Rounded-Regular.otf in Resources */ = {isa = PBXBuildFile; fileRef = 2D69F491269ED872004433B4 /* SF-Pro-Rounded-Regular.otf */; };
		2D69F496269ED873004433B4 /* SF-Pro-Rounded-Semibold.otf in Resources */ = {isa = PBXBuildFile; fileRef = 2D69F492269ED872004433B4 /* SF-Pro-Rounded-Semibold.otf */; };
		2D69F497269ED873004433B4 /* SF-Pro-Rounded-Bold.otf in Resources */ = {isa = PBXBuildFile; fileRef = 2D69F493269ED872004433B4 /* SF-Pro-Rounded-Bold.otf */; };
		2D69F498269ED873004433B4 /* SF-Pro.ttf in Resources */ = {isa = PBXBuildFile; fileRef = 2D69F494269ED873004433B4 /* SF-Pro.ttf */; };
		8C0B6021269D72460027FDAA /* AppDelegate.swift in Sources */ = {isa = PBXBuildFile; fileRef = 8C0B6020269D72460027FDAA /* AppDelegate.swift */; };
		8C0B6023269D72460027FDAA /* ViewController.swift in Sources */ = {isa = PBXBuildFile; fileRef = 8C0B6022269D72460027FDAA /* ViewController.swift */; };
		8C0B6025269D72460027FDAA /* Experience0.rcproject in Sources */ = {isa = PBXBuildFile; fileRef = 8C0B6024269D72460027FDAA /* Experience0.rcproject */; };
		8C0B6028269D72460027FDAA /* Main.storyboard in Resources */ = {isa = PBXBuildFile; fileRef = 8C0B6026269D72460027FDAA /* Main.storyboard */; };
		8C0B602A269D72470027FDAA /* Assets.xcassets in Resources */ = {isa = PBXBuildFile; fileRef = 8C0B6029269D72470027FDAA /* Assets.xcassets */; };
		8C0B602D269D72470027FDAA /* LaunchScreen.storyboard in Resources */ = {isa = PBXBuildFile; fileRef = 8C0B602B269D72470027FDAA /* LaunchScreen.storyboard */; };
		8C0B6035269D72BE0027FDAA /* Experience.rcproject in Sources */ = {isa = PBXBuildFile; fileRef = 8C0B6034269D72BE0027FDAA /* Experience.rcproject */; };
/* End PBXBuildFile section */

/* Begin PBXFileReference section */
		2D69F491269ED872004433B4 /* SF-Pro-Rounded-Regular.otf */ = {isa = PBXFileReference; lastKnownFileType = file; path = "SF-Pro-Rounded-Regular.otf"; sourceTree = "<group>"; };
		2D69F492269ED872004433B4 /* SF-Pro-Rounded-Semibold.otf */ = {isa = PBXFileReference; lastKnownFileType = file; path = "SF-Pro-Rounded-Semibold.otf"; sourceTree = "<group>"; };
		2D69F493269ED872004433B4 /* SF-Pro-Rounded-Bold.otf */ = {isa = PBXFileReference; lastKnownFileType = file; path = "SF-Pro-Rounded-Bold.otf"; sourceTree = "<group>"; };
		2D69F494269ED873004433B4 /* SF-Pro.ttf */ = {isa = PBXFileReference; lastKnownFileType = file; path = "SF-Pro.ttf"; sourceTree = "<group>"; };
		8C0B601D269D72460027FDAA /* AR2ndTest.app */ = {isa = PBXFileReference; explicitFileType = wrapper.application; includeInIndex = 0; path = AR2ndTest.app; sourceTree = BUILT_PRODUCTS_DIR; };
		8C0B6020269D72460027FDAA /* AppDelegate.swift */ = {isa = PBXFileReference; lastKnownFileType = sourcecode.swift; path = AppDelegate.swift; sourceTree = "<group>"; };
		8C0B6022269D72460027FDAA /* ViewController.swift */ = {isa = PBXFileReference; lastKnownFileType = sourcecode.swift; path = ViewController.swift; sourceTree = "<group>"; };
		8C0B6024269D72460027FDAA /* Experience0.rcproject */ = {isa = PBXFileReference; lastKnownFileType = file.rcproject; path = Experience0.rcproject; sourceTree = "<group>"; };
		8C0B6027269D72460027FDAA /* Base */ = {isa = PBXFileReference; lastKnownFileType = file.storyboard; name = Base; path = Base.lproj/Main.storyboard; sourceTree = "<group>"; };
		8C0B6029269D72470027FDAA /* Assets.xcassets */ = {isa = PBXFileReference; lastKnownFileType = folder.assetcatalog; path = Assets.xcassets; sourceTree = "<group>"; };
		8C0B602C269D72470027FDAA /* Base */ = {isa = PBXFileReference; lastKnownFileType = file.storyboard; name = Base; path = Base.lproj/LaunchScreen.storyboard; sourceTree = "<group>"; };
		8C0B602E269D72470027FDAA /* Info.plist */ = {isa = PBXFileReference; lastKnownFileType = text.plist.xml; path = Info.plist; sourceTree = "<group>"; };
		8C0B6034269D72BE0027FDAA /* Experience.rcproject */ = {isa = PBXFileReference; lastKnownFileType = file.rcproject; path = Experience.rcproject; sourceTree = "<group>"; };
/* End PBXFileReference section */

/* Begin PBXFrameworksBuildPhase section */
		8C0B601A269D72460027FDAA /* Frameworks */ = {
			isa = PBXFrameworksBuildPhase;
			buildActionMask = 2147483647;
			files = (
			);
			runOnlyForDeploymentPostprocessing = 0;
		};
/* End PBXFrameworksBuildPhase section */

/* Begin PBXGroup section */
		2D69F490269ED83A004433B4 /* Fonts */ = {
			isa = PBXGroup;
			children = (
				2D69F493269ED872004433B4 /* SF-Pro-Rounded-Bold.otf */,
				2D69F491269ED872004433B4 /* SF-Pro-Rounded-Regular.otf */,
				2D69F492269ED872004433B4 /* SF-Pro-Rounded-Semibold.otf */,
				2D69F494269ED873004433B4 /* SF-Pro.ttf */,
			);
			path = Fonts;
			sourceTree = "<group>";
		};
		8C0B6014269D72460027FDAA = {
			isa = PBXGroup;
			children = (
				8C0B601F269D72460027FDAA /* AR2ndTest */,
				8C0B601E269D72460027FDAA /* Products */,
			);
			sourceTree = "<group>";
		};
		8C0B601E269D72460027FDAA /* Products */ = {
			isa = PBXGroup;
			children = (
				8C0B601D269D72460027FDAA /* AR2ndTest.app */,
			);
			name = Products;
			sourceTree = "<group>";
		};
		8C0B601F269D72460027FDAA /* AR2ndTest */ = {
			isa = PBXGroup;
			children = (
				2D69F490269ED83A004433B4 /* Fonts */,
				8C0B6020269D72460027FDAA /* AppDelegate.swift */,
				8C0B6022269D72460027FDAA /* ViewController.swift */,
				8C0B6034269D72BE0027FDAA /* Experience.rcproject */,
				8C0B6024269D72460027FDAA /* Experience0.rcproject */,
				8C0B6026269D72460027FDAA /* Main.storyboard */,
				8C0B6029269D72470027FDAA /* Assets.xcassets */,
				8C0B602B269D72470027FDAA /* LaunchScreen.storyboard */,
				8C0B602E269D72470027FDAA /* Info.plist */,
			);
			path = AR2ndTest;
			sourceTree = "<group>";
		};
/* End PBXGroup section */

/* Begin PBXNativeTarget section */
		8C0B601C269D72460027FDAA /* AR2ndTest */ = {
			isa = PBXNativeTarget;
			buildConfigurationList = 8C0B6031269D72470027FDAA /* Build configuration list for PBXNativeTarget "AR2ndTest" */;
			buildPhases = (
				8C0B6019269D72460027FDAA /* Sources */,
				8C0B601A269D72460027FDAA /* Frameworks */,
				8C0B601B269D72460027FDAA /* Resources */,
			);
			buildRules = (
			);
			dependencies = (
			);
			name = AR2ndTest;
			productName = AR2ndTest;
			productReference = 8C0B601D269D72460027FDAA /* AR2ndTest.app */;
			productType = "com.apple.product-type.application";
		};
/* End PBXNativeTarget section */

/* Begin PBXProject section */
		8C0B6015269D72460027FDAA /* Project object */ = {
			isa = PBXProject;
			attributes = {
				LastSwiftUpdateCheck = 1250;
				LastUpgradeCheck = 1250;
				TargetAttributes = {
					8C0B601C269D72460027FDAA = {
						CreatedOnToolsVersion = 12.5.1;
					};
				};
			};
			buildConfigurationList = 8C0B6018269D72460027FDAA /* Build configuration list for PBXProject "AR2ndTest" */;
			compatibilityVersion = "Xcode 9.3";
			developmentRegion = en;
			hasScannedForEncodings = 0;
			knownRegions = (
				en,
				Base,
			);
			mainGroup = 8C0B6014269D72460027FDAA;
			productRefGroup = 8C0B601E269D72460027FDAA /* Products */;
			projectDirPath = "";
			projectRoot = "";
			targets = (
				8C0B601C269D72460027FDAA /* AR2ndTest */,
			);
		};
/* End PBXProject section */

/* Begin PBXResourcesBuildPhase section */
		8C0B601B269D72460027FDAA /* Resources */ = {
			isa = PBXResourcesBuildPhase;
			buildActionMask = 2147483647;
			files = (
				8C0B602D269D72470027FDAA /* LaunchScreen.storyboard in Resources */,
				2D69F495269ED873004433B4 /* SF-Pro-Rounded-Regular.otf in Resources */,
				8C0B602A269D72470027FDAA /* Assets.xcassets in Resources */,
				2D69F498269ED873004433B4 /* SF-Pro.ttf in Resources */,
				2D69F497269ED873004433B4 /* SF-Pro-Rounded-Bold.otf in Resources */,
				8C0B6028269D72460027FDAA /* Main.storyboard in Resources */,
				2D69F496269ED873004433B4 /* SF-Pro-Rounded-Semibold.otf in Resources */,
			);
			runOnlyForDeploymentPostprocessing = 0;
		};
/* End PBXResourcesBuildPhase section */

/* Begin PBXSourcesBuildPhase section */
		8C0B6019269D72460027FDAA /* Sources */ = {
			isa = PBXSourcesBuildPhase;
			buildActionMask = 2147483647;
			files = (
				8C0B6023269D72460027FDAA /* ViewController.swift in Sources */,
				8C0B6021269D72460027FDAA /* AppDelegate.swift in Sources */,
				8C0B6035269D72BE0027FDAA /* Experience.rcproject in Sources */,
				8C0B6025269D72460027FDAA /* Experience0.rcproject in Sources */,
			);
			runOnlyForDeploymentPostprocessing = 0;
		};
/* End PBXSourcesBuildPhase section */

/* Begin PBXVariantGroup section */
		8C0B6026269D72460027FDAA /* Main.storyboard */ = {
			isa = PBXVariantGroup;
			children = (
				8C0B6027269D72460027FDAA /* Base */,
			);
			name = Main.storyboard;
			sourceTree = "<group>";
		};
		8C0B602B269D72470027FDAA /* LaunchScreen.storyboard */ = {
			isa = PBXVariantGroup;
			children = (
				8C0B602C269D72470027FDAA /* Base */,
			);
			name = LaunchScreen.storyboard;
			sourceTree = "<group>";
		};
/* End PBXVariantGroup section */

/* Begin XCBuildConfiguration section */
		8C0B602F269D72470027FDAA /* Debug */ = {
			isa = XCBuildConfiguration;
			buildSettings = {
				ALWAYS_SEARCH_USER_PATHS = NO;
				CLANG_ANALYZER_NONNULL = YES;
				CLANG_ANALYZER_NUMBER_OBJECT_CONVERSION = YES_AGGRESSIVE;
				CLANG_CXX_LANGUAGE_STANDARD = "gnu++14";
				CLANG_CXX_LIBRARY = "libc++";
				CLANG_ENABLE_MODULES = YES;
				CLANG_ENABLE_OBJC_ARC = YES;
				CLANG_ENABLE_OBJC_WEAK = YES;
				CLANG_WARN_BLOCK_CAPTURE_AUTORELEASING = YES;
				CLANG_WARN_BOOL_CONVERSION = YES;
				CLANG_WARN_COMMA = YES;
				CLANG_WARN_CONSTANT_CONVERSION = YES;
				CLANG_WARN_DEPRECATED_OBJC_IMPLEMENTATIONS = YES;
				CLANG_WARN_DIRECT_OBJC_ISA_USAGE = YES_ERROR;
				CLANG_WARN_DOCUMENTATION_COMMENTS = YES;
				CLANG_WARN_EMPTY_BODY = YES;
				CLANG_WARN_ENUM_CONVERSION = YES;
				CLANG_WARN_INFINITE_RECURSION = YES;
				CLANG_WARN_INT_CONVERSION = YES;
				CLANG_WARN_NON_LITERAL_NULL_CONVERSION = YES;
				CLANG_WARN_OBJC_IMPLICIT_RETAIN_SELF = YES;
				CLANG_WARN_OBJC_LITERAL_CONVERSION = YES;
				CLANG_WARN_OBJC_ROOT_CLASS = YES_ERROR;
				CLANG_WARN_QUOTED_INCLUDE_IN_FRAMEWORK_HEADER = YES;
				CLANG_WARN_RANGE_LOOP_ANALYSIS = YES;
				CLANG_WARN_STRICT_PROTOTYPES = YES;
				CLANG_WARN_SUSPICIOUS_MOVE = YES;
				CLANG_WARN_UNGUARDED_AVAILABILITY = YES_AGGRESSIVE;
				CLANG_WARN_UNREACHABLE_CODE = YES;
				CLANG_WARN__DUPLICATE_METHOD_MATCH = YES;
				COPY_PHASE_STRIP = NO;
				DEBUG_INFORMATION_FORMAT = dwarf;
				ENABLE_STRICT_OBJC_MSGSEND = YES;
				ENABLE_TESTABILITY = YES;
				GCC_C_LANGUAGE_STANDARD = gnu11;
				GCC_DYNAMIC_NO_PIC = NO;
				GCC_NO_COMMON_BLOCKS = YES;
				GCC_OPTIMIZATION_LEVEL = 0;
				GCC_PREPROCESSOR_DEFINITIONS = (
					"DEBUG=1",
					"$(inherited)",
				);
				GCC_WARN_64_TO_32_BIT_CONVERSION = YES;
				GCC_WARN_ABOUT_RETURN_TYPE = YES_ERROR;
				GCC_WARN_UNDECLARED_SELECTOR = YES;
				GCC_WARN_UNINITIALIZED_AUTOS = YES_AGGRESSIVE;
				GCC_WARN_UNUSED_FUNCTION = YES;
				GCC_WARN_UNUSED_VARIABLE = YES;
				IPHONEOS_DEPLOYMENT_TARGET = 14.5;
				MTL_ENABLE_DEBUG_INFO = INCLUDE_SOURCE;
				MTL_FAST_MATH = YES;
				ONLY_ACTIVE_ARCH = YES;
				SDKROOT = iphoneos;
				SWIFT_ACTIVE_COMPILATION_CONDITIONS = DEBUG;
				SWIFT_OPTIMIZATION_LEVEL = "-Onone";
			};
			name = Debug;
		};
		8C0B6030269D72470027FDAA /* Release */ = {
			isa = XCBuildConfiguration;
			buildSettings = {
				ALWAYS_SEARCH_USER_PATHS = NO;
				CLANG_ANALYZER_NONNULL = YES;
				CLANG_ANALYZER_NUMBER_OBJECT_CONVERSION = YES_AGGRESSIVE;
				CLANG_CXX_LANGUAGE_STANDARD = "gnu++14";
				CLANG_CXX_LIBRARY = "libc++";
				CLANG_ENABLE_MODULES = YES;
				CLANG_ENABLE_OBJC_ARC = YES;
				CLANG_ENABLE_OBJC_WEAK = YES;
				CLANG_WARN_BLOCK_CAPTURE_AUTORELEASING = YES;
				CLANG_WARN_BOOL_CONVERSION = YES;
				CLANG_WARN_COMMA = YES;
				CLANG_WARN_CONSTANT_CONVERSION = YES;
				CLANG_WARN_DEPRECATED_OBJC_IMPLEMENTATIONS = YES;
				CLANG_WARN_DIRECT_OBJC_ISA_USAGE = YES_ERROR;
				CLANG_WARN_DOCUMENTATION_COMMENTS = YES;
				CLANG_WARN_EMPTY_BODY = YES;
				CLANG_WARN_ENUM_CONVERSION = YES;
				CLANG_WARN_INFINITE_RECURSION = YES;
				CLANG_WARN_INT_CONVERSION = YES;
				CLANG_WARN_NON_LITERAL_NULL_CONVERSION = YES;
				CLANG_WARN_OBJC_IMPLICIT_RETAIN_SELF = YES;
				CLANG_WARN_OBJC_LITERAL_CONVERSION = YES;
				CLANG_WARN_OBJC_ROOT_CLASS = YES_ERROR;
				CLANG_WARN_QUOTED_INCLUDE_IN_FRAMEWORK_HEADER = YES;
				CLANG_WARN_RANGE_LOOP_ANALYSIS = YES;
				CLANG_WARN_STRICT_PROTOTYPES = YES;
				CLANG_WARN_SUSPICIOUS_MOVE = YES;
				CLANG_WARN_UNGUARDED_AVAILABILITY = YES_AGGRESSIVE;
				CLANG_WARN_UNREACHABLE_CODE = YES;
				CLANG_WARN__DUPLICATE_METHOD_MATCH = YES;
				COPY_PHASE_STRIP = NO;
				DEBUG_INFORMATION_FORMAT = "dwarf-with-dsym";
				ENABLE_NS_ASSERTIONS = NO;
				ENABLE_STRICT_OBJC_MSGSEND = YES;
				GCC_C_LANGUAGE_STANDARD = gnu11;
				GCC_NO_COMMON_BLOCKS = YES;
				GCC_WARN_64_TO_32_BIT_CONVERSION = YES;
				GCC_WARN_ABOUT_RETURN_TYPE = YES_ERROR;
				GCC_WARN_UNDECLARED_SELECTOR = YES;
				GCC_WARN_UNINITIALIZED_AUTOS = YES_AGGRESSIVE;
				GCC_WARN_UNUSED_FUNCTION = YES;
				GCC_WARN_UNUSED_VARIABLE = YES;
				IPHONEOS_DEPLOYMENT_TARGET = 14.5;
				MTL_ENABLE_DEBUG_INFO = NO;
				MTL_FAST_MATH = YES;
				SDKROOT = iphoneos;
				SWIFT_COMPILATION_MODE = wholemodule;
				SWIFT_OPTIMIZATION_LEVEL = "-O";
				VALIDATE_PRODUCT = YES;
			};
			name = Release;
		};
		8C0B6032269D72470027FDAA /* Debug */ = {
			isa = XCBuildConfiguration;
			buildSettings = {
				ASSETCATALOG_COMPILER_APPICON_NAME = AppIcon;
				ASSETCATALOG_COMPILER_GLOBAL_ACCENT_COLOR_NAME = AccentColor;
				CODE_SIGN_STYLE = Automatic;
				DEVELOPMENT_TEAM = VYG4M66448;
				INFOPLIST_FILE = AR2ndTest/Info.plist;
				LD_RUNPATH_SEARCH_PATHS = (
					"$(inherited)",
					"@executable_path/Frameworks",
				);
				PRODUCT_BUNDLE_IDENTIFIER = Jellyfish.AR2ndTest;
				PRODUCT_NAME = "$(TARGET_NAME)";
				SWIFT_VERSION = 5.0;
				TARGETED_DEVICE_FAMILY = "1,2";
			};
			name = Debug;
		};
		8C0B6033269D72470027FDAA /* Release */ = {
			isa = XCBuildConfiguration;
			buildSettings = {
				ASSETCATALOG_COMPILER_APPICON_NAME = AppIcon;
				ASSETCATALOG_COMPILER_GLOBAL_ACCENT_COLOR_NAME = AccentColor;
				CODE_SIGN_STYLE = Automatic;
				DEVELOPMENT_TEAM = VYG4M66448;
				INFOPLIST_FILE = AR2ndTest/Info.plist;
				LD_RUNPATH_SEARCH_PATHS = (
					"$(inherited)",
					"@executable_path/Frameworks",
				);
				PRODUCT_BUNDLE_IDENTIFIER = Jellyfish.AR2ndTest;
				PRODUCT_NAME = "$(TARGET_NAME)";
				SWIFT_VERSION = 5.0;
				TARGETED_DEVICE_FAMILY = "1,2";
			};
			name = Release;
		};
/* End XCBuildConfiguration section */

/* Begin XCConfigurationList section */
		8C0B6018269D72460027FDAA /* Build configuration list for PBXProject "AR2ndTest" */ = {
			isa = XCConfigurationList;
			buildConfigurations = (
				8C0B602F269D72470027FDAA /* Debug */,
				8C0B6030269D72470027FDAA /* Release */,
			);
			defaultConfigurationIsVisible = 0;
			defaultConfigurationName = Release;
		};
		8C0B6031269D72470027FDAA /* Build configuration list for PBXNativeTarget "AR2ndTest" */ = {
			isa = XCConfigurationList;
			buildConfigurations = (
				8C0B6032269D72470027FDAA /* Debug */,
				8C0B6033269D72470027FDAA /* Release */,
			);
			defaultConfigurationIsVisible = 0;
			defaultConfigurationName = Release;
		};
/* End XCConfigurationList section */
	};
	rootObject = 8C0B6015269D72460027FDAA /* Project object */;
}
